// !$*UTF8*$!
{
	archiveVersion = 1;
	classes = {
	};
	objectVersion = 56;
	objects = {

/* Begin PBXBuildFile section */
		9704A18A2AB33D3200E826BB /* RecipeGridItem.swift in Sources */ = {isa = PBXBuildFile; fileRef = 9704A1892AB33D3200E826BB /* RecipeGridItem.swift */; };
		9704A18E2AB33FD200E826BB /* RecipeSection.swift in Sources */ = {isa = PBXBuildFile; fileRef = 9704A18D2AB33FD200E826BB /* RecipeSection.swift */; };
		9704A1902AB3421C00E826BB /* FolderReducer.swift in Sources */ = {isa = PBXBuildFile; fileRef = 9704A18F2AB3421C00E826BB /* FolderReducer.swift */; };
		9704A1922AB3557800E826BB /* AppView.swift in Sources */ = {isa = PBXBuildFile; fileRef = 9704A1912AB3557800E826BB /* AppView.swift */; };
		9712FB502A438A0B00E5E227 /* ImageSlider.swift in Sources */ = {isa = PBXBuildFile; fileRef = 9712FB4F2A438A0B00E5E227 /* ImageSlider.swift */; };
		9712FB5A2A438E2A00E5E227 /* recipe_00.jpeg in Resources */ = {isa = PBXBuildFile; fileRef = 9712FB572A438E2A00E5E227 /* recipe_00.jpeg */; };
		9712FB5B2A438E2A00E5E227 /* recipe_01.jpeg in Resources */ = {isa = PBXBuildFile; fileRef = 9712FB582A438E2A00E5E227 /* recipe_01.jpeg */; };
		9712FB5C2A438E2A00E5E227 /* recipe_02.jpeg in Resources */ = {isa = PBXBuildFile; fileRef = 9712FB592A438E2A00E5E227 /* recipe_02.jpeg */; };
		9712FB622A43A13800E5E227 /* Photos.swift in Sources */ = {isa = PBXBuildFile; fileRef = 9712FB612A43A13800E5E227 /* Photos.swift */; };
		971334BE2A97CBDD00743A49 /* FolderModel.swift in Sources */ = {isa = PBXBuildFile; fileRef = 971334BD2A97CBDD00743A49 /* FolderModel.swift */; };
		971334C02A97CC7900743A49 /* FolderModel+Mock.swift in Sources */ = {isa = PBXBuildFile; fileRef = 971334BF2A97CC7900743A49 /* FolderModel+Mock.swift */; };
		971334C22A97D54300743A49 /* FolderView.swift in Sources */ = {isa = PBXBuildFile; fileRef = 971334C12A97D54300743A49 /* FolderView.swift */; };
		971886472AA0DB60001942B7 /* RecipeMockGenerator.swift in Sources */ = {isa = PBXBuildFile; fileRef = 971886462AA0DB60001942B7 /* RecipeMockGenerator.swift */; };
		971D71D72ABE356300026152 /* AppReducer.swift in Sources */ = {isa = PBXBuildFile; fileRef = 971D71D62ABE356300026152 /* AppReducer.swift */; };
		972440052A4CD623002E3AAF /* View+Synchronize.swift in Sources */ = {isa = PBXBuildFile; fileRef = 972440042A4CD623002E3AAF /* View+Synchronize.swift */; };
		9726051C2A7576B6008BC180 /* RecipeModel+LongMock.swift in Sources */ = {isa = PBXBuildFile; fileRef = 9726051B2A7576B6008BC180 /* RecipeModel+LongMock.swift */; };
		9726051E2A7576BD008BC180 /* RecipeModel+ShortMock.swift in Sources */ = {isa = PBXBuildFile; fileRef = 9726051D2A7576BD008BC180 /* RecipeModel+ShortMock.swift */; };
		972605202A7576C4008BC180 /* RecipeModel+GiantMock.swift in Sources */ = {isa = PBXBuildFile; fileRef = 9726051F2A7576C4008BC180 /* RecipeModel+GiantMock.swift */; };
		972BE3FE2AB9EDA400C71EAA /* CoreDataClient+ConvertModel.swift in Sources */ = {isa = PBXBuildFile; fileRef = 972BE3FD2AB9EDA400C71EAA /* CoreDataClient+ConvertModel.swift */; };
		9745FCF52AB21D71008CF16F /* FolderGridItem.swift in Sources */ = {isa = PBXBuildFile; fileRef = 9745FCF42AB21D71008CF16F /* FolderGridItem.swift */; };
		97590E462A61816500EBC604 /* AboutListTests.swift in Sources */ = {isa = PBXBuildFile; fileRef = 97590E452A61816500EBC604 /* AboutListTests.swift */; };
		975A4EED2A44C23300C9509A /* IngredientSection.swift in Sources */ = {isa = PBXBuildFile; fileRef = 975A4EEC2A44C23300C9509A /* IngredientSection.swift */; };
		975A4EEF2A44C23800C9509A /* Ingredient.swift in Sources */ = {isa = PBXBuildFile; fileRef = 975A4EEE2A44C23800C9509A /* Ingredient.swift */; };
		975AC2F32ACB048500B099DC /* RecipeReducer.swift in Sources */ = {isa = PBXBuildFile; fileRef = 975AC2F22ACB048500B099DC /* RecipeReducer.swift */; };
		975CB55C2A8E9C980049BA07 /* ComposableArchitecture in Frameworks */ = {isa = PBXBuildFile; productRef = 975CB55B2A8E9C980049BA07 /* ComposableArchitecture */; };
		975F47C22A6AD3BF0016BB95 /* Text+ViewModifier.swift in Sources */ = {isa = PBXBuildFile; fileRef = 975F47C12A6AD3BF0016BB95 /* Text+ViewModifier.swift */; };
		975F47C42A6B06FC0016BB95 /* ImageDataModel.swift in Sources */ = {isa = PBXBuildFile; fileRef = 975F47C32A6B06FC0016BB95 /* ImageDataModel.swift */; };
		9760CBAF2A9D1AC90077A8F9 /* FoldersReducer.swift in Sources */ = {isa = PBXBuildFile; fileRef = 9760CBAE2A9D1AC90077A8F9 /* FoldersReducer.swift */; };
		976CBB3C2AB3A06E00BE69F5 /* Search.swift in Sources */ = {isa = PBXBuildFile; fileRef = 976CBB3B2AB3A06E00BE69F5 /* Search.swift */; };
		976CBB3E2AB3A64900BE69F5 /* SearchView.swift in Sources */ = {isa = PBXBuildFile; fileRef = 976CBB3D2AB3A64800BE69F5 /* SearchView.swift */; };
		9770F0122A61A94400602986 /* PhotosTest.swift in Sources */ = {isa = PBXBuildFile; fileRef = 9770F0112A61A94400602986 /* PhotosTest.swift */; };
		977633D62A4F77C9009FD90C /* Binding+RemoveDuplicates.swift in Sources */ = {isa = PBXBuildFile; fileRef = 977633D52A4F77C9009FD90C /* Binding+RemoveDuplicates.swift */; };
		977633D82A51B8FA009FD90C /* RecipeModel.swift in Sources */ = {isa = PBXBuildFile; fileRef = 977633D72A51B8F9009FD90C /* RecipeModel.swift */; };
		977633DA2A51C4B0009FD90C /* AboutSection.swift in Sources */ = {isa = PBXBuildFile; fileRef = 977633D92A51C4B0009FD90C /* AboutSection.swift */; };
		977633DC2A51C987009FD90C /* AboutList.swift in Sources */ = {isa = PBXBuildFile; fileRef = 977633DB2A51C987009FD90C /* AboutList.swift */; };
		9782405B2A3B410000CAC459 /* IngredientList.swift in Sources */ = {isa = PBXBuildFile; fileRef = 9782405A2A3B410000CAC459 /* IngredientList.swift */; };
		97833B9C2A584E4E002EB24B /* IngredientTests.swift in Sources */ = {isa = PBXBuildFile; fileRef = 97833B9B2A584E4E002EB24B /* IngredientTests.swift */; };
		979ED97D2A5F47A000CF2B5F /* IngredientListTests.swift in Sources */ = {isa = PBXBuildFile; fileRef = 979ED97C2A5F47A000CF2B5F /* IngredientListTests.swift */; };
		979F80832A5DE43000E3B152 /* IngredientSectionTests.swift in Sources */ = {isa = PBXBuildFile; fileRef = 979F80822A5DE43000E3B152 /* IngredientSectionTests.swift */; };
		97AB36B02AAA0283001CB9F4 /* FolderSection.swift in Sources */ = {isa = PBXBuildFile; fileRef = 97AB36AF2AAA0283001CB9F4 /* FolderSection.swift */; };
		97AB36B42AAA087B001CB9F4 /* DB.swift in Sources */ = {isa = PBXBuildFile; fileRef = 97AB36B32AAA087B001CB9F4 /* DB.swift */; };
		97AD13B82A2E7392002FCE30 /* Main.swift in Sources */ = {isa = PBXBuildFile; fileRef = 97AD13B72A2E7392002FCE30 /* Main.swift */; };
		97AD13BC2A2E7394002FCE30 /* Assets.xcassets in Resources */ = {isa = PBXBuildFile; fileRef = 97AD13BB2A2E7394002FCE30 /* Assets.xcassets */; };
		97AD13BF2A2E7394002FCE30 /* Preview Assets.xcassets in Resources */ = {isa = PBXBuildFile; fileRef = 97AD13BE2A2E7394002FCE30 /* Preview Assets.xcassets */; };
		97AD13CC2A2E7447002FCE30 /* Tagged in Frameworks */ = {isa = PBXBuildFile; productRef = 97AD13CB2A2E7447002FCE30 /* Tagged */; };
		97AD13CF2A2E74C2002FCE30 /* RecipeView.swift in Sources */ = {isa = PBXBuildFile; fileRef = 97AD13CE2A2E74C2002FCE30 /* RecipeView.swift */; };
		97AD13D32A2E74E9002FCE30 /* Model.swift in Sources */ = {isa = PBXBuildFile; fileRef = 97AD13D22A2E74E9002FCE30 /* Model.swift */; };
		97B00B452A617A6E00227251 /* AboutSectionTests.swift in Sources */ = {isa = PBXBuildFile; fileRef = 97B00B442A617A6E00227251 /* AboutSectionTests.swift */; };
		97B17BCD2AB7713A009B6378 /* Database.swift in Sources */ = {isa = PBXBuildFile; fileRef = 97B17BCC2AB7713A009B6378 /* Database.swift */; };
		97B17BD02AB7714F009B6378 /* CoreModels.xcdatamodeld in Sources */ = {isa = PBXBuildFile; fileRef = 97B17BCE2AB7714F009B6378 /* CoreModels.xcdatamodeld */; };
		97B17C2F2AB8BDBC009B6378 /* Database+Live.swift in Sources */ = {isa = PBXBuildFile; fileRef = 97B17C2E2AB8BDBC009B6378 /* Database+Live.swift */; };
		97B17C332AB8DA77009B6378 /* CoreDataClient.swift in Sources */ = {isa = PBXBuildFile; fileRef = 97B17C322AB8DA77009B6378 /* CoreDataClient.swift */; };
		97B17C352AB8F761009B6378 /* UserModel.swift in Sources */ = {isa = PBXBuildFile; fileRef = 97B17C342AB8F761009B6378 /* UserModel.swift */; };
		97B17C942AB91FC8009B6378 /* CoreDataClient+ConvertCoreModel.swift in Sources */ = {isa = PBXBuildFile; fileRef = 97B17C932AB91FC8009B6378 /* CoreDataClient+ConvertCoreModel.swift */; };
		97B62F312A4B80480077A5F1 /* CustomDisclosureGroupStyle.swift in Sources */ = {isa = PBXBuildFile; fileRef = 97B62F302A4B80480077A5F1 /* CustomDisclosureGroupStyle.swift */; };
		97C04E682A40AA0D00EB7D6D /* burger_bun_01.jpg in Resources */ = {isa = PBXBuildFile; fileRef = 97C04E622A40AA0C00EB7D6D /* burger_bun_01.jpg */; };
		97C04E692A40AA0D00EB7D6D /* burger_bun_02.jpg in Resources */ = {isa = PBXBuildFile; fileRef = 97C04E632A40AA0D00EB7D6D /* burger_bun_02.jpg */; };
		97C04E6A2A40AA0D00EB7D6D /* burger_bun_06.jpg in Resources */ = {isa = PBXBuildFile; fileRef = 97C04E642A40AA0D00EB7D6D /* burger_bun_06.jpg */; };
		97C04E6B2A40AA0D00EB7D6D /* burger_bun_04.jpg in Resources */ = {isa = PBXBuildFile; fileRef = 97C04E652A40AA0D00EB7D6D /* burger_bun_04.jpg */; };
		97C04E6C2A40AA0D00EB7D6D /* burger_bun_03.jpg in Resources */ = {isa = PBXBuildFile; fileRef = 97C04E662A40AA0D00EB7D6D /* burger_bun_03.jpg */; };
		97C04E6D2A40AA0D00EB7D6D /* burger_bun_05.jpg in Resources */ = {isa = PBXBuildFile; fileRef = 97C04E672A40AA0D00EB7D6D /* burger_bun_05.jpg */; };
		97D8CCFF2A55EED60031E760 /* PhotosClient.swift in Sources */ = {isa = PBXBuildFile; fileRef = 97D8CCFE2A55EED60031E760 /* PhotosClient.swift */; };
		97EE972C2A6853BB001AA88B /* StepsList.swift in Sources */ = {isa = PBXBuildFile; fileRef = 97EE972B2A6853BB001AA88B /* StepsList.swift */; };
		97EE972E2A6853C9001AA88B /* StepSection.swift in Sources */ = {isa = PBXBuildFile; fileRef = 97EE972D2A6853C9001AA88B /* StepSection.swift */; };
		97EE97302A6853F6001AA88B /* Step.swift in Sources */ = {isa = PBXBuildFile; fileRef = 97EE972F2A6853F6001AA88B /* Step.swift */; };
		97EF38F52A9E3D7600DF4D86 /* FoldersView.swift in Sources */ = {isa = PBXBuildFile; fileRef = 97EF38F42A9E3D7600DF4D86 /* FoldersView.swift */; };
		97F9C5032A9D66610053CAB5 /* HidingImages.swift in Sources */ = {isa = PBXBuildFile; fileRef = 97F9C5022A9D66610053CAB5 /* HidingImages.swift */; };
		97F9C5072A9D66A60053CAB5 /* MaxScreenWidth.swift in Sources */ = {isa = PBXBuildFile; fileRef = 97F9C5062A9D66A60053CAB5 /* MaxScreenWidth.swift */; };
/* End PBXBuildFile section */

/* Begin PBXContainerItemProxy section */
		97833B9D2A584E4E002EB24B /* PBXContainerItemProxy */ = {
			isa = PBXContainerItemProxy;
			containerPortal = 97AD13AC2A2E7392002FCE30 /* Project object */;
			proxyType = 1;
			remoteGlobalIDString = 97AD13B32A2E7392002FCE30;
			remoteInfo = ChefTime;
		};
/* End PBXContainerItemProxy section */

/* Begin PBXFileReference section */
		9704A1892AB33D3200E826BB /* RecipeGridItem.swift */ = {isa = PBXFileReference; lastKnownFileType = sourcecode.swift; path = RecipeGridItem.swift; sourceTree = "<group>"; };
		9704A18D2AB33FD200E826BB /* RecipeSection.swift */ = {isa = PBXFileReference; lastKnownFileType = sourcecode.swift; path = RecipeSection.swift; sourceTree = "<group>"; };
		9704A18F2AB3421C00E826BB /* FolderReducer.swift */ = {isa = PBXFileReference; lastKnownFileType = sourcecode.swift; path = FolderReducer.swift; sourceTree = "<group>"; };
		9704A1912AB3557800E826BB /* AppView.swift */ = {isa = PBXFileReference; lastKnownFileType = sourcecode.swift; path = AppView.swift; sourceTree = "<group>"; };
		9712FB4F2A438A0B00E5E227 /* ImageSlider.swift */ = {isa = PBXFileReference; lastKnownFileType = sourcecode.swift; path = ImageSlider.swift; sourceTree = "<group>"; };
		9712FB572A438E2A00E5E227 /* recipe_00.jpeg */ = {isa = PBXFileReference; lastKnownFileType = image.jpeg; path = recipe_00.jpeg; sourceTree = "<group>"; };
		9712FB582A438E2A00E5E227 /* recipe_01.jpeg */ = {isa = PBXFileReference; lastKnownFileType = image.jpeg; path = recipe_01.jpeg; sourceTree = "<group>"; };
		9712FB592A438E2A00E5E227 /* recipe_02.jpeg */ = {isa = PBXFileReference; lastKnownFileType = image.jpeg; path = recipe_02.jpeg; sourceTree = "<group>"; };
		9712FB612A43A13800E5E227 /* Photos.swift */ = {isa = PBXFileReference; lastKnownFileType = sourcecode.swift; path = Photos.swift; sourceTree = "<group>"; };
		971334BD2A97CBDD00743A49 /* FolderModel.swift */ = {isa = PBXFileReference; lastKnownFileType = sourcecode.swift; path = FolderModel.swift; sourceTree = "<group>"; };
		971334BF2A97CC7900743A49 /* FolderModel+Mock.swift */ = {isa = PBXFileReference; lastKnownFileType = sourcecode.swift; path = "FolderModel+Mock.swift"; sourceTree = "<group>"; };
		971334C12A97D54300743A49 /* FolderView.swift */ = {isa = PBXFileReference; lastKnownFileType = sourcecode.swift; path = FolderView.swift; sourceTree = "<group>"; };
		971886462AA0DB60001942B7 /* RecipeMockGenerator.swift */ = {isa = PBXFileReference; lastKnownFileType = sourcecode.swift; path = RecipeMockGenerator.swift; sourceTree = "<group>"; };
		971A3B5B2A40FD71009F8002 /* Info.plist */ = {isa = PBXFileReference; lastKnownFileType = text.plist.xml; path = Info.plist; sourceTree = "<group>"; };
		971D71D62ABE356300026152 /* AppReducer.swift */ = {isa = PBXFileReference; lastKnownFileType = sourcecode.swift; path = AppReducer.swift; sourceTree = "<group>"; };
		972440042A4CD623002E3AAF /* View+Synchronize.swift */ = {isa = PBXFileReference; lastKnownFileType = sourcecode.swift; path = "View+Synchronize.swift"; sourceTree = "<group>"; };
		9726051B2A7576B6008BC180 /* RecipeModel+LongMock.swift */ = {isa = PBXFileReference; lastKnownFileType = sourcecode.swift; path = "RecipeModel+LongMock.swift"; sourceTree = "<group>"; };
		9726051D2A7576BD008BC180 /* RecipeModel+ShortMock.swift */ = {isa = PBXFileReference; lastKnownFileType = sourcecode.swift; path = "RecipeModel+ShortMock.swift"; sourceTree = "<group>"; };
		9726051F2A7576C4008BC180 /* RecipeModel+GiantMock.swift */ = {isa = PBXFileReference; lastKnownFileType = sourcecode.swift; path = "RecipeModel+GiantMock.swift"; sourceTree = "<group>"; };
		972BE3FD2AB9EDA400C71EAA /* CoreDataClient+ConvertModel.swift */ = {isa = PBXFileReference; lastKnownFileType = sourcecode.swift; path = "CoreDataClient+ConvertModel.swift"; sourceTree = "<group>"; };
		9745FCF42AB21D71008CF16F /* FolderGridItem.swift */ = {isa = PBXFileReference; lastKnownFileType = sourcecode.swift; path = FolderGridItem.swift; sourceTree = "<group>"; };
		97590E452A61816500EBC604 /* AboutListTests.swift */ = {isa = PBXFileReference; lastKnownFileType = sourcecode.swift; path = AboutListTests.swift; sourceTree = "<group>"; };
		975A4EEC2A44C23300C9509A /* IngredientSection.swift */ = {isa = PBXFileReference; lastKnownFileType = sourcecode.swift; path = IngredientSection.swift; sourceTree = "<group>"; };
		975A4EEE2A44C23800C9509A /* Ingredient.swift */ = {isa = PBXFileReference; lastKnownFileType = sourcecode.swift; path = Ingredient.swift; sourceTree = "<group>"; };
		975AC2F22ACB048500B099DC /* RecipeReducer.swift */ = {isa = PBXFileReference; lastKnownFileType = sourcecode.swift; path = RecipeReducer.swift; sourceTree = "<group>"; };
		975F47C12A6AD3BF0016BB95 /* Text+ViewModifier.swift */ = {isa = PBXFileReference; lastKnownFileType = sourcecode.swift; path = "Text+ViewModifier.swift"; sourceTree = "<group>"; };
		975F47C32A6B06FC0016BB95 /* ImageDataModel.swift */ = {isa = PBXFileReference; lastKnownFileType = sourcecode.swift; path = ImageDataModel.swift; sourceTree = "<group>"; };
		9760CBAE2A9D1AC90077A8F9 /* FoldersReducer.swift */ = {isa = PBXFileReference; lastKnownFileType = sourcecode.swift; path = FoldersReducer.swift; sourceTree = "<group>"; };
		976CBB3B2AB3A06E00BE69F5 /* Search.swift */ = {isa = PBXFileReference; lastKnownFileType = sourcecode.swift; path = Search.swift; sourceTree = "<group>"; };
		976CBB3D2AB3A64800BE69F5 /* SearchView.swift */ = {isa = PBXFileReference; lastKnownFileType = sourcecode.swift; path = SearchView.swift; sourceTree = "<group>"; };
		9770F0112A61A94400602986 /* PhotosTest.swift */ = {isa = PBXFileReference; lastKnownFileType = sourcecode.swift; path = PhotosTest.swift; sourceTree = "<group>"; };
		977633D52A4F77C9009FD90C /* Binding+RemoveDuplicates.swift */ = {isa = PBXFileReference; lastKnownFileType = sourcecode.swift; path = "Binding+RemoveDuplicates.swift"; sourceTree = "<group>"; };
		977633D72A51B8F9009FD90C /* RecipeModel.swift */ = {isa = PBXFileReference; lastKnownFileType = sourcecode.swift; path = RecipeModel.swift; sourceTree = "<group>"; };
		977633D92A51C4B0009FD90C /* AboutSection.swift */ = {isa = PBXFileReference; lastKnownFileType = sourcecode.swift; path = AboutSection.swift; sourceTree = "<group>"; };
		977633DB2A51C987009FD90C /* AboutList.swift */ = {isa = PBXFileReference; lastKnownFileType = sourcecode.swift; path = AboutList.swift; sourceTree = "<group>"; };
		9782405A2A3B410000CAC459 /* IngredientList.swift */ = {isa = PBXFileReference; lastKnownFileType = sourcecode.swift; path = IngredientList.swift; sourceTree = "<group>"; };
		97833B992A584E4E002EB24B /* ChefTimeTests.xctest */ = {isa = PBXFileReference; explicitFileType = wrapper.cfbundle; includeInIndex = 0; path = ChefTimeTests.xctest; sourceTree = BUILT_PRODUCTS_DIR; };
		97833B9B2A584E4E002EB24B /* IngredientTests.swift */ = {isa = PBXFileReference; lastKnownFileType = sourcecode.swift; path = IngredientTests.swift; sourceTree = "<group>"; };
		979ED97C2A5F47A000CF2B5F /* IngredientListTests.swift */ = {isa = PBXFileReference; lastKnownFileType = sourcecode.swift; path = IngredientListTests.swift; sourceTree = "<group>"; };
		979F80812A5DE08600E3B152 /* ChefTime.xctestplan */ = {isa = PBXFileReference; lastKnownFileType = text; path = ChefTime.xctestplan; sourceTree = "<group>"; };
		979F80822A5DE43000E3B152 /* IngredientSectionTests.swift */ = {isa = PBXFileReference; lastKnownFileType = sourcecode.swift; path = IngredientSectionTests.swift; sourceTree = "<group>"; };
		97AB36AF2AAA0283001CB9F4 /* FolderSection.swift */ = {isa = PBXFileReference; lastKnownFileType = sourcecode.swift; path = FolderSection.swift; sourceTree = "<group>"; };
		97AB36B32AAA087B001CB9F4 /* DB.swift */ = {isa = PBXFileReference; lastKnownFileType = sourcecode.swift; path = DB.swift; sourceTree = "<group>"; };
		97AD13B42A2E7392002FCE30 /* ChefTime.app */ = {isa = PBXFileReference; explicitFileType = wrapper.application; includeInIndex = 0; path = ChefTime.app; sourceTree = BUILT_PRODUCTS_DIR; };
		97AD13B72A2E7392002FCE30 /* Main.swift */ = {isa = PBXFileReference; lastKnownFileType = sourcecode.swift; path = Main.swift; sourceTree = "<group>"; };
		97AD13BB2A2E7394002FCE30 /* Assets.xcassets */ = {isa = PBXFileReference; lastKnownFileType = folder.assetcatalog; path = Assets.xcassets; sourceTree = "<group>"; };
		97AD13BE2A2E7394002FCE30 /* Preview Assets.xcassets */ = {isa = PBXFileReference; lastKnownFileType = folder.assetcatalog; path = "Preview Assets.xcassets"; sourceTree = "<group>"; };
		97AD13CE2A2E74C2002FCE30 /* RecipeView.swift */ = {isa = PBXFileReference; lastKnownFileType = sourcecode.swift; path = RecipeView.swift; sourceTree = "<group>"; };
		97AD13D22A2E74E9002FCE30 /* Model.swift */ = {isa = PBXFileReference; lastKnownFileType = sourcecode.swift; path = Model.swift; sourceTree = "<group>"; };
		97B00B442A617A6E00227251 /* AboutSectionTests.swift */ = {isa = PBXFileReference; lastKnownFileType = sourcecode.swift; path = AboutSectionTests.swift; sourceTree = "<group>"; };
		97B17BCC2AB7713A009B6378 /* Database.swift */ = {isa = PBXFileReference; lastKnownFileType = sourcecode.swift; path = Database.swift; sourceTree = "<group>"; };
		97B17BCF2AB7714F009B6378 /* CoreModels.xcdatamodel */ = {isa = PBXFileReference; lastKnownFileType = wrapper.xcdatamodel; path = CoreModels.xcdatamodel; sourceTree = "<group>"; };
		97B17C2E2AB8BDBC009B6378 /* Database+Live.swift */ = {isa = PBXFileReference; lastKnownFileType = sourcecode.swift; path = "Database+Live.swift"; sourceTree = "<group>"; };
		97B17C322AB8DA77009B6378 /* CoreDataClient.swift */ = {isa = PBXFileReference; lastKnownFileType = sourcecode.swift; path = CoreDataClient.swift; sourceTree = "<group>"; };
		97B17C342AB8F761009B6378 /* UserModel.swift */ = {isa = PBXFileReference; lastKnownFileType = sourcecode.swift; path = UserModel.swift; sourceTree = "<group>"; };
		97B17C932AB91FC8009B6378 /* CoreDataClient+ConvertCoreModel.swift */ = {isa = PBXFileReference; lastKnownFileType = sourcecode.swift; path = "CoreDataClient+ConvertCoreModel.swift"; sourceTree = "<group>"; };
		97B62F302A4B80480077A5F1 /* CustomDisclosureGroupStyle.swift */ = {isa = PBXFileReference; lastKnownFileType = sourcecode.swift; path = CustomDisclosureGroupStyle.swift; sourceTree = "<group>"; };
		97C04E622A40AA0C00EB7D6D /* burger_bun_01.jpg */ = {isa = PBXFileReference; lastKnownFileType = image.jpeg; path = burger_bun_01.jpg; sourceTree = "<group>"; };
		97C04E632A40AA0D00EB7D6D /* burger_bun_02.jpg */ = {isa = PBXFileReference; lastKnownFileType = image.jpeg; path = burger_bun_02.jpg; sourceTree = "<group>"; };
		97C04E642A40AA0D00EB7D6D /* burger_bun_06.jpg */ = {isa = PBXFileReference; lastKnownFileType = image.jpeg; path = burger_bun_06.jpg; sourceTree = "<group>"; };
		97C04E652A40AA0D00EB7D6D /* burger_bun_04.jpg */ = {isa = PBXFileReference; lastKnownFileType = image.jpeg; path = burger_bun_04.jpg; sourceTree = "<group>"; };
		97C04E662A40AA0D00EB7D6D /* burger_bun_03.jpg */ = {isa = PBXFileReference; lastKnownFileType = image.jpeg; path = burger_bun_03.jpg; sourceTree = "<group>"; };
		97C04E672A40AA0D00EB7D6D /* burger_bun_05.jpg */ = {isa = PBXFileReference; lastKnownFileType = image.jpeg; path = burger_bun_05.jpg; sourceTree = "<group>"; };
		97D8CCFE2A55EED60031E760 /* PhotosClient.swift */ = {isa = PBXFileReference; lastKnownFileType = sourcecode.swift; path = PhotosClient.swift; sourceTree = "<group>"; };
		97EE972B2A6853BB001AA88B /* StepsList.swift */ = {isa = PBXFileReference; lastKnownFileType = sourcecode.swift; path = StepsList.swift; sourceTree = "<group>"; };
		97EE972D2A6853C9001AA88B /* StepSection.swift */ = {isa = PBXFileReference; lastKnownFileType = sourcecode.swift; path = StepSection.swift; sourceTree = "<group>"; };
		97EE972F2A6853F6001AA88B /* Step.swift */ = {isa = PBXFileReference; lastKnownFileType = sourcecode.swift; path = Step.swift; sourceTree = "<group>"; };
		97EF38F42A9E3D7600DF4D86 /* FoldersView.swift */ = {isa = PBXFileReference; lastKnownFileType = sourcecode.swift; path = FoldersView.swift; sourceTree = "<group>"; };
		97F019442A5F2C3700264922 /* ChefTimeTests.xctestplan */ = {isa = PBXFileReference; lastKnownFileType = text; path = ChefTimeTests.xctestplan; sourceTree = "<group>"; };
		97F9C5022A9D66610053CAB5 /* HidingImages.swift */ = {isa = PBXFileReference; lastKnownFileType = sourcecode.swift; path = HidingImages.swift; sourceTree = "<group>"; };
		97F9C5062A9D66A60053CAB5 /* MaxScreenWidth.swift */ = {isa = PBXFileReference; lastKnownFileType = sourcecode.swift; path = MaxScreenWidth.swift; sourceTree = "<group>"; };
/* End PBXFileReference section */

/* Begin PBXFrameworksBuildPhase section */
		97833B962A584E4E002EB24B /* Frameworks */ = {
			isa = PBXFrameworksBuildPhase;
			buildActionMask = 2147483647;
			files = (
			);
			runOnlyForDeploymentPostprocessing = 0;
		};
		97AD13B12A2E7392002FCE30 /* Frameworks */ = {
			isa = PBXFrameworksBuildPhase;
			buildActionMask = 2147483647;
			files = (
				975CB55C2A8E9C980049BA07 /* ComposableArchitecture in Frameworks */,
				97AD13CC2A2E7447002FCE30 /* Tagged in Frameworks */,
			);
			runOnlyForDeploymentPostprocessing = 0;
		};
/* End PBXFrameworksBuildPhase section */

/* Begin PBXGroup section */
		9712FB5E2A4393B100E5E227 /* Photos */ = {
			isa = PBXGroup;
			children = (
				9712FB612A43A13800E5E227 /* Photos.swift */,
				9712FB4F2A438A0B00E5E227 /* ImageSlider.swift */,
			);
			path = Photos;
			sourceTree = "<group>";
		};
		971334BC2A97CBD300743A49 /* FolderModel */ = {
			isa = PBXGroup;
			children = (
				971334BD2A97CBDD00743A49 /* FolderModel.swift */,
				971334BF2A97CC7900743A49 /* FolderModel+Mock.swift */,
			);
			path = FolderModel;
			sourceTree = "<group>";
		};
		971886482AA0DBD7001942B7 /* RecipeMockGenerator */ = {
			isa = PBXGroup;
			children = (
				971886462AA0DB60001942B7 /* RecipeMockGenerator.swift */,
			);
			path = RecipeMockGenerator;
			sourceTree = "<group>";
		};
		971D71D52ABE355C00026152 /* App */ = {
			isa = PBXGroup;
			children = (
				9704A1912AB3557800E826BB /* AppView.swift */,
				971D71D62ABE356300026152 /* AppReducer.swift */,
			);
			path = App;
			sourceTree = "<group>";
		};
		9726051A2A75769B008BC180 /* RecipeModel */ = {
			isa = PBXGroup;
			children = (
				977633D72A51B8F9009FD90C /* RecipeModel.swift */,
				9726051D2A7576BD008BC180 /* RecipeModel+ShortMock.swift */,
				9726051B2A7576B6008BC180 /* RecipeModel+LongMock.swift */,
				9726051F2A7576C4008BC180 /* RecipeModel+GiantMock.swift */,
			);
			path = RecipeModel;
			sourceTree = "<group>";
		};
		975A4EF22A44C30500C9509A /* Features */ = {
			isa = PBXGroup;
			children = (
				971D71D52ABE355C00026152 /* App */,
				9760CBAD2A9D1ABC0077A8F9 /* Folders */,
				97DE5BC62A97C8BD00BBE455 /* Folder */,
				975A4EFB2A44C3AA00C9509A /* Recipe */,
				9712FB5E2A4393B100E5E227 /* Photos */,
				976CBB3A2AB3A05900BE69F5 /* Search */,
			);
			path = Features;
			sourceTree = "<group>";
		};
		975A4EF32A44C30B00C9509A /* Dependencies */ = {
			isa = PBXGroup;
			children = (
				97B17BCB2AB770D6009B6378 /* Database */,
				97D8CCFE2A55EED60031E760 /* PhotosClient.swift */,
				97F9C5022A9D66610053CAB5 /* HidingImages.swift */,
				97F9C5062A9D66A60053CAB5 /* MaxScreenWidth.swift */,
				97AB36B32AAA087B001CB9F4 /* DB.swift */,
			);
			path = Dependencies;
			sourceTree = "<group>";
		};
		975A4EF42A44C31000C9509A /* Resources */ = {
			isa = PBXGroup;
			children = (
				97AD13B72A2E7392002FCE30 /* Main.swift */,
				971A3B5B2A40FD71009F8002 /* Info.plist */,
				97AD13BB2A2E7394002FCE30 /* Assets.xcassets */,
				97AD13BD2A2E7394002FCE30 /* Preview Content */,
				97C04E5F2A40A99C00EB7D6D /* Images */,
			);
			path = Resources;
			sourceTree = "<group>";
		};
		975A4EF52A44C31700C9509A /* SwiftUI */ = {
			isa = PBXGroup;
			children = (
				97B62F302A4B80480077A5F1 /* CustomDisclosureGroupStyle.swift */,
				972440042A4CD623002E3AAF /* View+Synchronize.swift */,
				977633D52A4F77C9009FD90C /* Binding+RemoveDuplicates.swift */,
				975F47C12A6AD3BF0016BB95 /* Text+ViewModifier.swift */,
			);
			path = SwiftUI;
			sourceTree = "<group>";
		};
		975A4EF62A44C33C00C9509A /* About */ = {
			isa = PBXGroup;
			children = (
				977633DB2A51C987009FD90C /* AboutList.swift */,
				977633D92A51C4B0009FD90C /* AboutSection.swift */,
			);
			path = About;
			sourceTree = "<group>";
		};
		975A4EF82A44C34600C9509A /* Ingredients */ = {
			isa = PBXGroup;
			children = (
				9782405A2A3B410000CAC459 /* IngredientList.swift */,
				975A4EEC2A44C23300C9509A /* IngredientSection.swift */,
				975A4EEE2A44C23800C9509A /* Ingredient.swift */,
			);
			path = Ingredients;
			sourceTree = "<group>";
		};
		975A4EFB2A44C3AA00C9509A /* Recipe */ = {
			isa = PBXGroup;
			children = (
				97AD13CE2A2E74C2002FCE30 /* RecipeView.swift */,
				975AC2F22ACB048500B099DC /* RecipeReducer.swift */,
				975A4EF62A44C33C00C9509A /* About */,
				975A4EF82A44C34600C9509A /* Ingredients */,
				97CC0C0F2A3A1F5400E311C9 /* Steps */,
			);
			path = Recipe;
			sourceTree = "<group>";
		};
		975A4EFC2A44C3C400C9509A /* Model */ = {
			isa = PBXGroup;
			children = (
				971334BC2A97CBD300743A49 /* FolderModel */,
				9726051A2A75769B008BC180 /* RecipeModel */,
				975F47C32A6B06FC0016BB95 /* ImageDataModel.swift */,
				97AD13D22A2E74E9002FCE30 /* Model.swift */,
				97B17C342AB8F761009B6378 /* UserModel.swift */,
			);
			path = Model;
			sourceTree = "<group>";
		};
		9760CBAD2A9D1ABC0077A8F9 /* Folders */ = {
			isa = PBXGroup;
			children = (
				97EF38F42A9E3D7600DF4D86 /* FoldersView.swift */,
				9760CBAE2A9D1AC90077A8F9 /* FoldersReducer.swift */,
				97AB36AF2AAA0283001CB9F4 /* FolderSection.swift */,
				9745FCF42AB21D71008CF16F /* FolderGridItem.swift */,
			);
			path = Folders;
			sourceTree = "<group>";
		};
		976CBB3A2AB3A05900BE69F5 /* Search */ = {
			isa = PBXGroup;
			children = (
				976CBB3D2AB3A64800BE69F5 /* SearchView.swift */,
				976CBB3B2AB3A06E00BE69F5 /* Search.swift */,
			);
			path = Search;
			sourceTree = "<group>";
		};
		9770F00D2A61A86F00602986 /* IngredientsFeatureTests */ = {
			isa = PBXGroup;
			children = (
				979ED97C2A5F47A000CF2B5F /* IngredientListTests.swift */,
				979F80822A5DE43000E3B152 /* IngredientSectionTests.swift */,
				97833B9B2A584E4E002EB24B /* IngredientTests.swift */,
			);
			path = IngredientsFeatureTests;
			sourceTree = "<group>";
		};
		9770F00E2A61A88000602986 /* AboutFeatureTests */ = {
			isa = PBXGroup;
			children = (
				97B00B442A617A6E00227251 /* AboutSectionTests.swift */,
				97590E452A61816500EBC604 /* AboutListTests.swift */,
			);
			path = AboutFeatureTests;
			sourceTree = "<group>";
		};
		9770F0102A61A93800602986 /* PhotosFeatureTests */ = {
			isa = PBXGroup;
			children = (
				9770F0112A61A94400602986 /* PhotosTest.swift */,
			);
			path = PhotosFeatureTests;
			sourceTree = "<group>";
		};
		97833B9A2A584E4E002EB24B /* ChefTimeTests */ = {
			isa = PBXGroup;
			children = (
				971886482AA0DBD7001942B7 /* RecipeMockGenerator */,
				9770F0102A61A93800602986 /* PhotosFeatureTests */,
				9770F00E2A61A88000602986 /* AboutFeatureTests */,
				9770F00D2A61A86F00602986 /* IngredientsFeatureTests */,
			);
			path = ChefTimeTests;
			sourceTree = "<group>";
		};
		97AD13AB2A2E7392002FCE30 = {
			isa = PBXGroup;
			children = (
				97F019442A5F2C3700264922 /* ChefTimeTests.xctestplan */,
				979F80812A5DE08600E3B152 /* ChefTime.xctestplan */,
				97AD13B62A2E7392002FCE30 /* ChefTime */,
				97833B9A2A584E4E002EB24B /* ChefTimeTests */,
				97AD13B52A2E7392002FCE30 /* Products */,
			);
			sourceTree = "<group>";
		};
		97AD13B52A2E7392002FCE30 /* Products */ = {
			isa = PBXGroup;
			children = (
				97AD13B42A2E7392002FCE30 /* ChefTime.app */,
				97833B992A584E4E002EB24B /* ChefTimeTests.xctest */,
			);
			name = Products;
			sourceTree = "<group>";
		};
		97AD13B62A2E7392002FCE30 /* ChefTime */ = {
			isa = PBXGroup;
			children = (
				975A4EF52A44C31700C9509A /* SwiftUI */,
				975A4EF22A44C30500C9509A /* Features */,
				975A4EFC2A44C3C400C9509A /* Model */,
				975A4EF32A44C30B00C9509A /* Dependencies */,
				975A4EF42A44C31000C9509A /* Resources */,
			);
			path = ChefTime;
			sourceTree = "<group>";
		};
		97AD13BD2A2E7394002FCE30 /* Preview Content */ = {
			isa = PBXGroup;
			children = (
				97AD13BE2A2E7394002FCE30 /* Preview Assets.xcassets */,
			);
			path = "Preview Content";
			sourceTree = "<group>";
		};
		97B17BCB2AB770D6009B6378 /* Database */ = {
			isa = PBXGroup;
			children = (
				97B17BCC2AB7713A009B6378 /* Database.swift */,
				97B17C2E2AB8BDBC009B6378 /* Database+Live.swift */,
				97B17BCE2AB7714F009B6378 /* CoreModels.xcdatamodeld */,
				97B17C322AB8DA77009B6378 /* CoreDataClient.swift */,
				97B17C932AB91FC8009B6378 /* CoreDataClient+ConvertCoreModel.swift */,
				972BE3FD2AB9EDA400C71EAA /* CoreDataClient+ConvertModel.swift */,
			);
			path = Database;
			sourceTree = "<group>";
		};
		97C04E5F2A40A99C00EB7D6D /* Images */ = {
			isa = PBXGroup;
			children = (
				9712FB572A438E2A00E5E227 /* recipe_00.jpeg */,
				9712FB582A438E2A00E5E227 /* recipe_01.jpeg */,
				9712FB592A438E2A00E5E227 /* recipe_02.jpeg */,
				97C04E622A40AA0C00EB7D6D /* burger_bun_01.jpg */,
				97C04E632A40AA0D00EB7D6D /* burger_bun_02.jpg */,
				97C04E662A40AA0D00EB7D6D /* burger_bun_03.jpg */,
				97C04E652A40AA0D00EB7D6D /* burger_bun_04.jpg */,
				97C04E672A40AA0D00EB7D6D /* burger_bun_05.jpg */,
				97C04E642A40AA0D00EB7D6D /* burger_bun_06.jpg */,
			);
			path = Images;
			sourceTree = "<group>";
		};
		97CC0C0F2A3A1F5400E311C9 /* Steps */ = {
			isa = PBXGroup;
			children = (
				97EE972B2A6853BB001AA88B /* StepsList.swift */,
				97EE972D2A6853C9001AA88B /* StepSection.swift */,
				97EE972F2A6853F6001AA88B /* Step.swift */,
			);
			path = Steps;
			sourceTree = "<group>";
		};
		97DE5BC62A97C8BD00BBE455 /* Folder */ = {
			isa = PBXGroup;
			children = (
				971334C12A97D54300743A49 /* FolderView.swift */,
				9704A18F2AB3421C00E826BB /* FolderReducer.swift */,
				9704A18D2AB33FD200E826BB /* RecipeSection.swift */,
				9704A1892AB33D3200E826BB /* RecipeGridItem.swift */,
			);
			path = Folder;
			sourceTree = "<group>";
		};
/* End PBXGroup section */

/* Begin PBXNativeTarget section */
		97833B982A584E4E002EB24B /* ChefTimeTests */ = {
			isa = PBXNativeTarget;
			buildConfigurationList = 97833B9F2A584E4E002EB24B /* Build configuration list for PBXNativeTarget "ChefTimeTests" */;
			buildPhases = (
				97833B952A584E4E002EB24B /* Sources */,
				97833B962A584E4E002EB24B /* Frameworks */,
				97833B972A584E4E002EB24B /* Resources */,
			);
			buildRules = (
			);
			dependencies = (
				97833B9E2A584E4E002EB24B /* PBXTargetDependency */,
			);
			name = ChefTimeTests;
			productName = ChefTimeTests;
			productReference = 97833B992A584E4E002EB24B /* ChefTimeTests.xctest */;
			productType = "com.apple.product-type.bundle.unit-test";
		};
		97AD13B32A2E7392002FCE30 /* ChefTime */ = {
			isa = PBXNativeTarget;
			buildConfigurationList = 97AD13C22A2E7394002FCE30 /* Build configuration list for PBXNativeTarget "ChefTime" */;
			buildPhases = (
				97AD13B02A2E7392002FCE30 /* Sources */,
				97AD13B12A2E7392002FCE30 /* Frameworks */,
				97AD13B22A2E7392002FCE30 /* Resources */,
			);
			buildRules = (
			);
			dependencies = (
			);
			name = ChefTime;
			packageProductDependencies = (
				97AD13CB2A2E7447002FCE30 /* Tagged */,
				975CB55B2A8E9C980049BA07 /* ComposableArchitecture */,
			);
			productName = ChefTime;
			productReference = 97AD13B42A2E7392002FCE30 /* ChefTime.app */;
			productType = "com.apple.product-type.application";
		};
/* End PBXNativeTarget section */

/* Begin PBXProject section */
		97AD13AC2A2E7392002FCE30 /* Project object */ = {
			isa = PBXProject;
			attributes = {
				BuildIndependentTargetsInParallel = 1;
				LastSwiftUpdateCheck = 1430;
				LastUpgradeCheck = 1430;
				TargetAttributes = {
					97833B982A584E4E002EB24B = {
						CreatedOnToolsVersion = 14.3.1;
						TestTargetID = 97AD13B32A2E7392002FCE30;
					};
					97AD13B32A2E7392002FCE30 = {
						CreatedOnToolsVersion = 14.3;
					};
				};
			};
			buildConfigurationList = 97AD13AF2A2E7392002FCE30 /* Build configuration list for PBXProject "ChefTime" */;
			compatibilityVersion = "Xcode 14.0";
			developmentRegion = en;
			hasScannedForEncodings = 0;
			knownRegions = (
				en,
				Base,
			);
			mainGroup = 97AD13AB2A2E7392002FCE30;
			packageReferences = (
				97AD13CA2A2E7447002FCE30 /* XCRemoteSwiftPackageReference "swift-tagged" */,
				975CB55A2A8E9C980049BA07 /* XCRemoteSwiftPackageReference "swift-composable-architecture" */,
			);
			productRefGroup = 97AD13B52A2E7392002FCE30 /* Products */;
			projectDirPath = "";
			projectRoot = "";
			targets = (
				97AD13B32A2E7392002FCE30 /* ChefTime */,
				97833B982A584E4E002EB24B /* ChefTimeTests */,
			);
		};
/* End PBXProject section */

/* Begin PBXResourcesBuildPhase section */
		97833B972A584E4E002EB24B /* Resources */ = {
			isa = PBXResourcesBuildPhase;
			buildActionMask = 2147483647;
			files = (
			);
			runOnlyForDeploymentPostprocessing = 0;
		};
		97AD13B22A2E7392002FCE30 /* Resources */ = {
			isa = PBXResourcesBuildPhase;
			buildActionMask = 2147483647;
			files = (
				97C04E692A40AA0D00EB7D6D /* burger_bun_02.jpg in Resources */,
				97AD13BF2A2E7394002FCE30 /* Preview Assets.xcassets in Resources */,
				9712FB5A2A438E2A00E5E227 /* recipe_00.jpeg in Resources */,
				9712FB5C2A438E2A00E5E227 /* recipe_02.jpeg in Resources */,
				97C04E6B2A40AA0D00EB7D6D /* burger_bun_04.jpg in Resources */,
				97C04E6A2A40AA0D00EB7D6D /* burger_bun_06.jpg in Resources */,
				97C04E6C2A40AA0D00EB7D6D /* burger_bun_03.jpg in Resources */,
				97AD13BC2A2E7394002FCE30 /* Assets.xcassets in Resources */,
				97C04E682A40AA0D00EB7D6D /* burger_bun_01.jpg in Resources */,
				9712FB5B2A438E2A00E5E227 /* recipe_01.jpeg in Resources */,
				97C04E6D2A40AA0D00EB7D6D /* burger_bun_05.jpg in Resources */,
			);
			runOnlyForDeploymentPostprocessing = 0;
		};
/* End PBXResourcesBuildPhase section */

/* Begin PBXSourcesBuildPhase section */
		97833B952A584E4E002EB24B /* Sources */ = {
			isa = PBXSourcesBuildPhase;
			buildActionMask = 2147483647;
			files = (
				971886472AA0DB60001942B7 /* RecipeMockGenerator.swift in Sources */,
				979F80832A5DE43000E3B152 /* IngredientSectionTests.swift in Sources */,
				97B00B452A617A6E00227251 /* AboutSectionTests.swift in Sources */,
				9770F0122A61A94400602986 /* PhotosTest.swift in Sources */,
				979ED97D2A5F47A000CF2B5F /* IngredientListTests.swift in Sources */,
				97833B9C2A584E4E002EB24B /* IngredientTests.swift in Sources */,
				97590E462A61816500EBC604 /* AboutListTests.swift in Sources */,
			);
			runOnlyForDeploymentPostprocessing = 0;
		};
		97AD13B02A2E7392002FCE30 /* Sources */ = {
			isa = PBXSourcesBuildPhase;
			buildActionMask = 2147483647;
			files = (
				97B17C332AB8DA77009B6378 /* CoreDataClient.swift in Sources */,
				975A4EED2A44C23300C9509A /* IngredientSection.swift in Sources */,
				977633D82A51B8FA009FD90C /* RecipeModel.swift in Sources */,
				97EE972E2A6853C9001AA88B /* StepSection.swift in Sources */,
				977633D62A4F77C9009FD90C /* Binding+RemoveDuplicates.swift in Sources */,
				97AD13D32A2E74E9002FCE30 /* Model.swift in Sources */,
				971334BE2A97CBDD00743A49 /* FolderModel.swift in Sources */,
				972440052A4CD623002E3AAF /* View+Synchronize.swift in Sources */,
				971D71D72ABE356300026152 /* AppReducer.swift in Sources */,
				9782405B2A3B410000CAC459 /* IngredientList.swift in Sources */,
				977633DC2A51C987009FD90C /* AboutList.swift in Sources */,
				97B17C942AB91FC8009B6378 /* CoreDataClient+ConvertCoreModel.swift in Sources */,
				97B17C352AB8F761009B6378 /* UserModel.swift in Sources */,
				9704A1902AB3421C00E826BB /* FolderReducer.swift in Sources */,
				97F9C5072A9D66A60053CAB5 /* MaxScreenWidth.swift in Sources */,
				97B62F312A4B80480077A5F1 /* CustomDisclosureGroupStyle.swift in Sources */,
				9704A18A2AB33D3200E826BB /* RecipeGridItem.swift in Sources */,
				97F9C5032A9D66610053CAB5 /* HidingImages.swift in Sources */,
				972BE3FE2AB9EDA400C71EAA /* CoreDataClient+ConvertModel.swift in Sources */,
				9726051C2A7576B6008BC180 /* RecipeModel+LongMock.swift in Sources */,
				9726051E2A7576BD008BC180 /* RecipeModel+ShortMock.swift in Sources */,
				9704A1922AB3557800E826BB /* AppView.swift in Sources */,
				97AD13CF2A2E74C2002FCE30 /* RecipeView.swift in Sources */,
				9712FB502A438A0B00E5E227 /* ImageSlider.swift in Sources */,
				97EE972C2A6853BB001AA88B /* StepsList.swift in Sources */,
				97B17C2F2AB8BDBC009B6378 /* Database+Live.swift in Sources */,
				97D8CCFF2A55EED60031E760 /* PhotosClient.swift in Sources */,
				977633DA2A51C4B0009FD90C /* AboutSection.swift in Sources */,
				97AD13B82A2E7392002FCE30 /* Main.swift in Sources */,
				97B17BD02AB7714F009B6378 /* CoreModels.xcdatamodeld in Sources */,
				97EF38F52A9E3D7600DF4D86 /* FoldersView.swift in Sources */,
				975F47C42A6B06FC0016BB95 /* ImageDataModel.swift in Sources */,
				975AC2F32ACB048500B099DC /* RecipeReducer.swift in Sources */,
				972605202A7576C4008BC180 /* RecipeModel+GiantMock.swift in Sources */,
				971334C02A97CC7900743A49 /* FolderModel+Mock.swift in Sources */,
				9745FCF52AB21D71008CF16F /* FolderGridItem.swift in Sources */,
				9704A18E2AB33FD200E826BB /* RecipeSection.swift in Sources */,
				975F47C22A6AD3BF0016BB95 /* Text+ViewModifier.swift in Sources */,
				9760CBAF2A9D1AC90077A8F9 /* FoldersReducer.swift in Sources */,
				976CBB3C2AB3A06E00BE69F5 /* Search.swift in Sources */,
				975A4EEF2A44C23800C9509A /* Ingredient.swift in Sources */,
				97AB36B02AAA0283001CB9F4 /* FolderSection.swift in Sources */,
				976CBB3E2AB3A64900BE69F5 /* SearchView.swift in Sources */,
				97EE97302A6853F6001AA88B /* Step.swift in Sources */,
				9712FB622A43A13800E5E227 /* Photos.swift in Sources */,
				971334C22A97D54300743A49 /* FolderView.swift in Sources */,
				97B17BCD2AB7713A009B6378 /* Database.swift in Sources */,
				97AB36B42AAA087B001CB9F4 /* DB.swift in Sources */,
			);
			runOnlyForDeploymentPostprocessing = 0;
		};
/* End PBXSourcesBuildPhase section */

/* Begin PBXTargetDependency section */
		97833B9E2A584E4E002EB24B /* PBXTargetDependency */ = {
			isa = PBXTargetDependency;
			target = 97AD13B32A2E7392002FCE30 /* ChefTime */;
			targetProxy = 97833B9D2A584E4E002EB24B /* PBXContainerItemProxy */;
		};
/* End PBXTargetDependency section */

/* Begin XCBuildConfiguration section */
		97833BA02A584E4E002EB24B /* Debug */ = {
			isa = XCBuildConfiguration;
			buildSettings = {
				BUNDLE_LOADER = "$(TEST_HOST)";
				CODE_SIGN_STYLE = Automatic;
				CURRENT_PROJECT_VERSION = 1;
				DEVELOPMENT_TEAM = ME637H7ZM9;
				GENERATE_INFOPLIST_FILE = YES;
				MARKETING_VERSION = 1.0;
				PRODUCT_BUNDLE_IDENTIFIER = com.dedaInc.ChefTimeTests;
				PRODUCT_NAME = "$(TARGET_NAME)";
				SWIFT_EMIT_LOC_STRINGS = NO;
				SWIFT_VERSION = 5.0;
				TARGETED_DEVICE_FAMILY = "1,2";
				TEST_HOST = "$(BUILT_PRODUCTS_DIR)/ChefTime.app/$(BUNDLE_EXECUTABLE_FOLDER_PATH)/ChefTime";
			};
			name = Debug;
		};
		97833BA12A584E4E002EB24B /* Release */ = {
			isa = XCBuildConfiguration;
			buildSettings = {
				BUNDLE_LOADER = "$(TEST_HOST)";
				CODE_SIGN_STYLE = Automatic;
				CURRENT_PROJECT_VERSION = 1;
				DEVELOPMENT_TEAM = ME637H7ZM9;
				GENERATE_INFOPLIST_FILE = YES;
				MARKETING_VERSION = 1.0;
				PRODUCT_BUNDLE_IDENTIFIER = com.dedaInc.ChefTimeTests;
				PRODUCT_NAME = "$(TARGET_NAME)";
				SWIFT_EMIT_LOC_STRINGS = NO;
				SWIFT_VERSION = 5.0;
				TARGETED_DEVICE_FAMILY = "1,2";
				TEST_HOST = "$(BUILT_PRODUCTS_DIR)/ChefTime.app/$(BUNDLE_EXECUTABLE_FOLDER_PATH)/ChefTime";
			};
			name = Release;
		};
		97AD13C02A2E7394002FCE30 /* Debug */ = {
			isa = XCBuildConfiguration;
			buildSettings = {
				ALWAYS_SEARCH_USER_PATHS = NO;
				CLANG_ANALYZER_NONNULL = YES;
				CLANG_ANALYZER_NUMBER_OBJECT_CONVERSION = YES_AGGRESSIVE;
				CLANG_CXX_LANGUAGE_STANDARD = "gnu++20";
				CLANG_ENABLE_MODULES = YES;
				CLANG_ENABLE_OBJC_ARC = YES;
				CLANG_ENABLE_OBJC_WEAK = YES;
				CLANG_WARN_BLOCK_CAPTURE_AUTORELEASING = YES;
				CLANG_WARN_BOOL_CONVERSION = YES;
				CLANG_WARN_COMMA = YES;
				CLANG_WARN_CONSTANT_CONVERSION = YES;
				CLANG_WARN_DEPRECATED_OBJC_IMPLEMENTATIONS = YES;
				CLANG_WARN_DIRECT_OBJC_ISA_USAGE = YES_ERROR;
				CLANG_WARN_DOCUMENTATION_COMMENTS = YES;
				CLANG_WARN_EMPTY_BODY = YES;
				CLANG_WARN_ENUM_CONVERSION = YES;
				CLANG_WARN_INFINITE_RECURSION = YES;
				CLANG_WARN_INT_CONVERSION = YES;
				CLANG_WARN_NON_LITERAL_NULL_CONVERSION = YES;
				CLANG_WARN_OBJC_IMPLICIT_RETAIN_SELF = YES;
				CLANG_WARN_OBJC_LITERAL_CONVERSION = YES;
				CLANG_WARN_OBJC_ROOT_CLASS = YES_ERROR;
				CLANG_WARN_QUOTED_INCLUDE_IN_FRAMEWORK_HEADER = YES;
				CLANG_WARN_RANGE_LOOP_ANALYSIS = YES;
				CLANG_WARN_STRICT_PROTOTYPES = YES;
				CLANG_WARN_SUSPICIOUS_MOVE = YES;
				CLANG_WARN_UNGUARDED_AVAILABILITY = YES_AGGRESSIVE;
				CLANG_WARN_UNREACHABLE_CODE = YES;
				CLANG_WARN__DUPLICATE_METHOD_MATCH = YES;
				COPY_PHASE_STRIP = NO;
				DEBUG_INFORMATION_FORMAT = dwarf;
				ENABLE_STRICT_OBJC_MSGSEND = YES;
				ENABLE_TESTABILITY = YES;
				GCC_C_LANGUAGE_STANDARD = gnu11;
				GCC_DYNAMIC_NO_PIC = NO;
				GCC_NO_COMMON_BLOCKS = YES;
				GCC_OPTIMIZATION_LEVEL = 0;
				GCC_PREPROCESSOR_DEFINITIONS = (
					"DEBUG=1",
					"$(inherited)",
				);
				GCC_WARN_64_TO_32_BIT_CONVERSION = YES;
				GCC_WARN_ABOUT_RETURN_TYPE = YES_ERROR;
				GCC_WARN_UNDECLARED_SELECTOR = YES;
				GCC_WARN_UNINITIALIZED_AUTOS = YES_AGGRESSIVE;
				GCC_WARN_UNUSED_FUNCTION = YES;
				GCC_WARN_UNUSED_VARIABLE = YES;
				IPHONEOS_DEPLOYMENT_TARGET = 16.4;
				MTL_ENABLE_DEBUG_INFO = INCLUDE_SOURCE;
				MTL_FAST_MATH = YES;
				ONLY_ACTIVE_ARCH = YES;
				SDKROOT = iphoneos;
				SWIFT_ACTIVE_COMPILATION_CONDITIONS = DEBUG;
				SWIFT_OPTIMIZATION_LEVEL = "-Onone";
			};
			name = Debug;
		};
		97AD13C12A2E7394002FCE30 /* Release */ = {
			isa = XCBuildConfiguration;
			buildSettings = {
				ALWAYS_SEARCH_USER_PATHS = NO;
				CLANG_ANALYZER_NONNULL = YES;
				CLANG_ANALYZER_NUMBER_OBJECT_CONVERSION = YES_AGGRESSIVE;
				CLANG_CXX_LANGUAGE_STANDARD = "gnu++20";
				CLANG_ENABLE_MODULES = YES;
				CLANG_ENABLE_OBJC_ARC = YES;
				CLANG_ENABLE_OBJC_WEAK = YES;
				CLANG_WARN_BLOCK_CAPTURE_AUTORELEASING = YES;
				CLANG_WARN_BOOL_CONVERSION = YES;
				CLANG_WARN_COMMA = YES;
				CLANG_WARN_CONSTANT_CONVERSION = YES;
				CLANG_WARN_DEPRECATED_OBJC_IMPLEMENTATIONS = YES;
				CLANG_WARN_DIRECT_OBJC_ISA_USAGE = YES_ERROR;
				CLANG_WARN_DOCUMENTATION_COMMENTS = YES;
				CLANG_WARN_EMPTY_BODY = YES;
				CLANG_WARN_ENUM_CONVERSION = YES;
				CLANG_WARN_INFINITE_RECURSION = YES;
				CLANG_WARN_INT_CONVERSION = YES;
				CLANG_WARN_NON_LITERAL_NULL_CONVERSION = YES;
				CLANG_WARN_OBJC_IMPLICIT_RETAIN_SELF = YES;
				CLANG_WARN_OBJC_LITERAL_CONVERSION = YES;
				CLANG_WARN_OBJC_ROOT_CLASS = YES_ERROR;
				CLANG_WARN_QUOTED_INCLUDE_IN_FRAMEWORK_HEADER = YES;
				CLANG_WARN_RANGE_LOOP_ANALYSIS = YES;
				CLANG_WARN_STRICT_PROTOTYPES = YES;
				CLANG_WARN_SUSPICIOUS_MOVE = YES;
				CLANG_WARN_UNGUARDED_AVAILABILITY = YES_AGGRESSIVE;
				CLANG_WARN_UNREACHABLE_CODE = YES;
				CLANG_WARN__DUPLICATE_METHOD_MATCH = YES;
				COPY_PHASE_STRIP = NO;
				DEBUG_INFORMATION_FORMAT = "dwarf-with-dsym";
				ENABLE_NS_ASSERTIONS = NO;
				ENABLE_STRICT_OBJC_MSGSEND = YES;
				GCC_C_LANGUAGE_STANDARD = gnu11;
				GCC_NO_COMMON_BLOCKS = YES;
				GCC_WARN_64_TO_32_BIT_CONVERSION = YES;
				GCC_WARN_ABOUT_RETURN_TYPE = YES_ERROR;
				GCC_WARN_UNDECLARED_SELECTOR = YES;
				GCC_WARN_UNINITIALIZED_AUTOS = YES_AGGRESSIVE;
				GCC_WARN_UNUSED_FUNCTION = YES;
				GCC_WARN_UNUSED_VARIABLE = YES;
				IPHONEOS_DEPLOYMENT_TARGET = 16.4;
				MTL_ENABLE_DEBUG_INFO = NO;
				MTL_FAST_MATH = YES;
				SDKROOT = iphoneos;
				SWIFT_COMPILATION_MODE = wholemodule;
				SWIFT_OPTIMIZATION_LEVEL = "-O";
				VALIDATE_PRODUCT = YES;
			};
			name = Release;
		};
		97AD13C32A2E7394002FCE30 /* Debug */ = {
			isa = XCBuildConfiguration;
			buildSettings = {
				ASSETCATALOG_COMPILER_APPICON_NAME = AppIcon;
				ASSETCATALOG_COMPILER_GLOBAL_ACCENT_COLOR_NAME = AccentColor;
				CODE_SIGN_STYLE = Automatic;
				CURRENT_PROJECT_VERSION = 1;
				DEVELOPMENT_ASSET_PATHS = "\"ChefTime/Resources/Preview Content\"";
				DEVELOPMENT_TEAM = ME637H7ZM9;
				ENABLE_PREVIEWS = YES;
				GENERATE_INFOPLIST_FILE = YES;
				INFOPLIST_FILE = ChefTime/Resources/Info.plist;
				INFOPLIST_KEY_NSPhotoLibraryUsageDescription = "Enable access to upload photos";
				INFOPLIST_KEY_UIApplicationSceneManifest_Generation = YES;
				INFOPLIST_KEY_UIApplicationSupportsIndirectInputEvents = YES;
				INFOPLIST_KEY_UILaunchScreen_Generation = YES;
				INFOPLIST_KEY_UISupportedInterfaceOrientations_iPad = "UIInterfaceOrientationPortrait UIInterfaceOrientationPortraitUpsideDown UIInterfaceOrientationLandscapeLeft UIInterfaceOrientationLandscapeRight";
				INFOPLIST_KEY_UISupportedInterfaceOrientations_iPhone = "UIInterfaceOrientationPortrait UIInterfaceOrientationLandscapeLeft UIInterfaceOrientationLandscapeRight";
				LD_RUNPATH_SEARCH_PATHS = (
					"$(inherited)",
					"@executable_path/Frameworks",
				);
				MARKETING_VERSION = 1.0;
				PRODUCT_BUNDLE_IDENTIFIER = com.dedaInc.ChefTime;
				PRODUCT_NAME = "$(TARGET_NAME)";
				SWIFT_EMIT_LOC_STRINGS = YES;
				SWIFT_VERSION = 5.0;
				TARGETED_DEVICE_FAMILY = "1,2";
			};
			name = Debug;
		};
		97AD13C42A2E7394002FCE30 /* Release */ = {
			isa = XCBuildConfiguration;
			buildSettings = {
				ASSETCATALOG_COMPILER_APPICON_NAME = AppIcon;
				ASSETCATALOG_COMPILER_GLOBAL_ACCENT_COLOR_NAME = AccentColor;
				CODE_SIGN_STYLE = Automatic;
				CURRENT_PROJECT_VERSION = 1;
				DEVELOPMENT_ASSET_PATHS = "\"ChefTime/Resources/Preview Content\"";
				DEVELOPMENT_TEAM = ME637H7ZM9;
				ENABLE_PREVIEWS = YES;
				GENERATE_INFOPLIST_FILE = YES;
				INFOPLIST_FILE = ChefTime/Resources/Info.plist;
				INFOPLIST_KEY_NSPhotoLibraryUsageDescription = "Enable access to upload photos";
				INFOPLIST_KEY_UIApplicationSceneManifest_Generation = YES;
				INFOPLIST_KEY_UIApplicationSupportsIndirectInputEvents = YES;
				INFOPLIST_KEY_UILaunchScreen_Generation = YES;
				INFOPLIST_KEY_UISupportedInterfaceOrientations_iPad = "UIInterfaceOrientationPortrait UIInterfaceOrientationPortraitUpsideDown UIInterfaceOrientationLandscapeLeft UIInterfaceOrientationLandscapeRight";
				INFOPLIST_KEY_UISupportedInterfaceOrientations_iPhone = "UIInterfaceOrientationPortrait UIInterfaceOrientationLandscapeLeft UIInterfaceOrientationLandscapeRight";
				LD_RUNPATH_SEARCH_PATHS = (
					"$(inherited)",
					"@executable_path/Frameworks",
				);
				MARKETING_VERSION = 1.0;
				PRODUCT_BUNDLE_IDENTIFIER = com.dedaInc.ChefTime;
				PRODUCT_NAME = "$(TARGET_NAME)";
				SWIFT_EMIT_LOC_STRINGS = YES;
				SWIFT_VERSION = 5.0;
				TARGETED_DEVICE_FAMILY = "1,2";
			};
			name = Release;
		};
/* End XCBuildConfiguration section */

/* Begin XCConfigurationList section */
		97833B9F2A584E4E002EB24B /* Build configuration list for PBXNativeTarget "ChefTimeTests" */ = {
			isa = XCConfigurationList;
			buildConfigurations = (
				97833BA02A584E4E002EB24B /* Debug */,
				97833BA12A584E4E002EB24B /* Release */,
			);
			defaultConfigurationIsVisible = 0;
			defaultConfigurationName = Release;
		};
		97AD13AF2A2E7392002FCE30 /* Build configuration list for PBXProject "ChefTime" */ = {
			isa = XCConfigurationList;
			buildConfigurations = (
				97AD13C02A2E7394002FCE30 /* Debug */,
				97AD13C12A2E7394002FCE30 /* Release */,
			);
			defaultConfigurationIsVisible = 0;
			defaultConfigurationName = Release;
		};
		97AD13C22A2E7394002FCE30 /* Build configuration list for PBXNativeTarget "ChefTime" */ = {
			isa = XCConfigurationList;
			buildConfigurations = (
				97AD13C32A2E7394002FCE30 /* Debug */,
				97AD13C42A2E7394002FCE30 /* Release */,
			);
			defaultConfigurationIsVisible = 0;
			defaultConfigurationName = Release;
		};
/* End XCConfigurationList section */

/* Begin XCRemoteSwiftPackageReference section */
		975CB55A2A8E9C980049BA07 /* XCRemoteSwiftPackageReference "swift-composable-architecture" */ = {
			isa = XCRemoteSwiftPackageReference;
			repositoryURL = "https://github.com/pointfreeco/swift-composable-architecture.git";
			requirement = {
				kind = upToNextMajorVersion;
				minimumVersion = 1.0.0;
			};
		};
		97AD13CA2A2E7447002FCE30 /* XCRemoteSwiftPackageReference "swift-tagged" */ = {
			isa = XCRemoteSwiftPackageReference;
			repositoryURL = "https://github.com/pointfreeco/swift-tagged.git";
			requirement = {
				kind = upToNextMajorVersion;
				minimumVersion = 0.10.0;
			};
		};
/* End XCRemoteSwiftPackageReference section */

/* Begin XCSwiftPackageProductDependency section */
		975CB55B2A8E9C980049BA07 /* ComposableArchitecture */ = {
			isa = XCSwiftPackageProductDependency;
			package = 975CB55A2A8E9C980049BA07 /* XCRemoteSwiftPackageReference "swift-composable-architecture" */;
			productName = ComposableArchitecture;
		};
		97AD13CB2A2E7447002FCE30 /* Tagged */ = {
			isa = XCSwiftPackageProductDependency;
			package = 97AD13CA2A2E7447002FCE30 /* XCRemoteSwiftPackageReference "swift-tagged" */;
			productName = Tagged;
		};
/* End XCSwiftPackageProductDependency section */

/* Begin XCVersionGroup section */
		97B17BCE2AB7714F009B6378 /* CoreModels.xcdatamodeld */ = {
			isa = XCVersionGroup;
			children = (
				97B17BCF2AB7714F009B6378 /* CoreModels.xcdatamodel */,
			);
			currentVersion = 97B17BCF2AB7714F009B6378 /* CoreModels.xcdatamodel */;
			path = CoreModels.xcdatamodeld;
			sourceTree = "<group>";
			versionGroupType = wrapper.xcdatamodel;
		};
/* End XCVersionGroup section */
	};
	rootObject = 97AD13AC2A2E7392002FCE30 /* Project object */;
}
