// !$*UTF8*$!
{
	archiveVersion = 1;
	classes = {
	};
	objectVersion = 56;
	objects = {

/* Begin PBXBuildFile section */
		9704A18A2AB33D3200E826BB /* RecipeGridItemView.swift in Sources */ = {isa = PBXBuildFile; fileRef = 9704A1892AB33D3200E826BB /* RecipeGridItemView.swift */; };
		9704A18E2AB33FD200E826BB /* RecipeSectionView.swift in Sources */ = {isa = PBXBuildFile; fileRef = 9704A18D2AB33FD200E826BB /* RecipeSectionView.swift */; };
		9704A1902AB3421C00E826BB /* FolderReducer.swift in Sources */ = {isa = PBXBuildFile; fileRef = 9704A18F2AB3421C00E826BB /* FolderReducer.swift */; };
		9704F31C2AFB0F18003D24C1 /* SDClientTests_Recipe.swift in Sources */ = {isa = PBXBuildFile; fileRef = 9704F31B2AFB0F18003D24C1 /* SDClientTests_Recipe.swift */; };
		970BEFF22AF859D100ACD339 /* Model+Recipe.swift in Sources */ = {isa = PBXBuildFile; fileRef = 970BEFF12AF859D100ACD339 /* Model+Recipe.swift */; };
		970BEFF42AF859D800ACD339 /* Model+Folder.swift in Sources */ = {isa = PBXBuildFile; fileRef = 970BEFF32AF859D800ACD339 /* Model+Folder.swift */; };
		9712FB502A438A0B00E5E227 /* ImageSlider.swift in Sources */ = {isa = PBXBuildFile; fileRef = 9712FB4F2A438A0B00E5E227 /* ImageSlider.swift */; };
		9712FB5A2A438E2A00E5E227 /* recipe_00.jpeg in Resources */ = {isa = PBXBuildFile; fileRef = 9712FB572A438E2A00E5E227 /* recipe_00.jpeg */; };
		9712FB5B2A438E2A00E5E227 /* recipe_01.jpeg in Resources */ = {isa = PBXBuildFile; fileRef = 9712FB582A438E2A00E5E227 /* recipe_01.jpeg */; };
		9712FB5C2A438E2A00E5E227 /* recipe_02.jpeg in Resources */ = {isa = PBXBuildFile; fileRef = 9712FB592A438E2A00E5E227 /* recipe_02.jpeg */; };
		9712FB622A43A13800E5E227 /* PhotosView.swift in Sources */ = {isa = PBXBuildFile; fileRef = 9712FB612A43A13800E5E227 /* PhotosView.swift */; };
		971334C22A97D54300743A49 /* FolderView.swift in Sources */ = {isa = PBXBuildFile; fileRef = 971334C12A97D54300743A49 /* FolderView.swift */; };
		972440052A4CD623002E3AAF /* View+Synchronize.swift in Sources */ = {isa = PBXBuildFile; fileRef = 972440042A4CD623002E3AAF /* View+Synchronize.swift */; };
		9729563B2B0D0BB1005A2D3D /* StepReducer.swift in Sources */ = {isa = PBXBuildFile; fileRef = 9729563A2B0D0BB0005A2D3D /* StepReducer.swift */; };
		9729563F2B0D0C10005A2D3D /* StepSectionReducer.swift in Sources */ = {isa = PBXBuildFile; fileRef = 9729563E2B0D0C10005A2D3D /* StepSectionReducer.swift */; };
		972956422B0D0C84005A2D3D /* StepsListReducer.swift in Sources */ = {isa = PBXBuildFile; fileRef = 972956412B0D0C84005A2D3D /* StepsListReducer.swift */; };
		972956442B0D0D77005A2D3D /* IngredientReducer.swift in Sources */ = {isa = PBXBuildFile; fileRef = 972956432B0D0D77005A2D3D /* IngredientReducer.swift */; };
		9729564A2B0D0E79005A2D3D /* IngredientSectionReducer.swift in Sources */ = {isa = PBXBuildFile; fileRef = 972956492B0D0E79005A2D3D /* IngredientSectionReducer.swift */; };
		9729564C2B0D0ED7005A2D3D /* IngredientListReducer.swift in Sources */ = {isa = PBXBuildFile; fileRef = 9729564B2B0D0ED7005A2D3D /* IngredientListReducer.swift */; };
		972956502B0D0F86005A2D3D /* AboutListReducer.swift in Sources */ = {isa = PBXBuildFile; fileRef = 9729564F2B0D0F86005A2D3D /* AboutListReducer.swift */; };
		972956522B0D0F8E005A2D3D /* AboutSectionReducer.swift in Sources */ = {isa = PBXBuildFile; fileRef = 972956512B0D0F8E005A2D3D /* AboutSectionReducer.swift */; };
		972956562B0D116C005A2D3D /* PhotosReducer.swift in Sources */ = {isa = PBXBuildFile; fileRef = 972956552B0D116C005A2D3D /* PhotosReducer.swift */; };
		972956592B0D1295005A2D3D /* FolderSectionReducer.swift in Sources */ = {isa = PBXBuildFile; fileRef = 972956582B0D1295005A2D3D /* FolderSectionReducer.swift */; };
		9729565B2B0D12B3005A2D3D /* FolderGridItemReducer.swift in Sources */ = {isa = PBXBuildFile; fileRef = 9729565A2B0D12B3005A2D3D /* FolderGridItemReducer.swift */; };
		9729565D2B0D12E8005A2D3D /* RecipeSectionReducer.swift in Sources */ = {isa = PBXBuildFile; fileRef = 9729565C2B0D12E8005A2D3D /* RecipeSectionReducer.swift */; };
		9729565F2B0D12F0005A2D3D /* RecipeGridItemReducer.swift in Sources */ = {isa = PBXBuildFile; fileRef = 9729565E2B0D12F0005A2D3D /* RecipeGridItemReducer.swift */; };
		97402AD42ADB0ED0005204D5 /* IdentifiedArray+Extensions.swift in Sources */ = {isa = PBXBuildFile; fileRef = 97402AD32ADB0ED0005204D5 /* IdentifiedArray+Extensions.swift */; };
		9745FCF52AB21D71008CF16F /* FolderGridItemView.swift in Sources */ = {isa = PBXBuildFile; fileRef = 9745FCF42AB21D71008CF16F /* FolderGridItemView.swift */; };
		974730572B0D38C800C99D1F /* PhotosReducer+Extensions.swift in Sources */ = {isa = PBXBuildFile; fileRef = 974730562B0D38C800C99D1F /* PhotosReducer+Extensions.swift */; };
		974730592B0D4BB700C99D1F /* RecipeReducer+Extensions.swift in Sources */ = {isa = PBXBuildFile; fileRef = 974730582B0D4BB700C99D1F /* RecipeReducer+Extensions.swift */; };
		9747305B2B0D58C700C99D1F /* AppReducer+Extensions.swift in Sources */ = {isa = PBXBuildFile; fileRef = 9747305A2B0D58C700C99D1F /* AppReducer+Extensions.swift */; };
		975A4EED2A44C23300C9509A /* IngredientSectionView.swift in Sources */ = {isa = PBXBuildFile; fileRef = 975A4EEC2A44C23300C9509A /* IngredientSectionView.swift */; };
		975A4EEF2A44C23800C9509A /* IngredientView.swift in Sources */ = {isa = PBXBuildFile; fileRef = 975A4EEE2A44C23800C9509A /* IngredientView.swift */; };
		975AC2F32ACB048500B099DC /* RecipeReducer.swift in Sources */ = {isa = PBXBuildFile; fileRef = 975AC2F22ACB048500B099DC /* RecipeReducer.swift */; };
		975CB55C2A8E9C980049BA07 /* ComposableArchitecture in Frameworks */ = {isa = PBXBuildFile; productRef = 975CB55B2A8E9C980049BA07 /* ComposableArchitecture */; };
		975F47C22A6AD3BF0016BB95 /* Text+ViewModifier.swift in Sources */ = {isa = PBXBuildFile; fileRef = 975F47C12A6AD3BF0016BB95 /* Text+ViewModifier.swift */; };
		975F47C42A6B06FC0016BB95 /* Model+ImageData.swift in Sources */ = {isa = PBXBuildFile; fileRef = 975F47C32A6B06FC0016BB95 /* Model+ImageData.swift */; };
		9760CBAF2A9D1AC90077A8F9 /* FoldersReducer.swift in Sources */ = {isa = PBXBuildFile; fileRef = 9760CBAE2A9D1AC90077A8F9 /* FoldersReducer.swift */; };
		9767E0FD2AE97E94003B0E2C /* SDClient.swift in Sources */ = {isa = PBXBuildFile; fileRef = 9767E0FB2AE97E94003B0E2C /* SDClient.swift */; };
		976CBB3C2AB3A06E00BE69F5 /* Search.swift in Sources */ = {isa = PBXBuildFile; fileRef = 976CBB3B2AB3A06E00BE69F5 /* Search.swift */; };
		976CBB3E2AB3A64900BE69F5 /* SearchView.swift in Sources */ = {isa = PBXBuildFile; fileRef = 976CBB3D2AB3A64800BE69F5 /* SearchView.swift */; };
		9775C1A72B0BA6A200B6F633 /* AppReducer.swift in Sources */ = {isa = PBXBuildFile; fileRef = 9775C1A62B0BA6A200B6F633 /* AppReducer.swift */; };
		9775C1A92B0BA6A700B6F633 /* AppView.swift in Sources */ = {isa = PBXBuildFile; fileRef = 9775C1A82B0BA6A700B6F633 /* AppView.swift */; };
		977633D62A4F77C9009FD90C /* Binding+RemoveDuplicates.swift in Sources */ = {isa = PBXBuildFile; fileRef = 977633D52A4F77C9009FD90C /* Binding+RemoveDuplicates.swift */; };
		977633DA2A51C4B0009FD90C /* AboutSectionView.swift in Sources */ = {isa = PBXBuildFile; fileRef = 977633D92A51C4B0009FD90C /* AboutSectionView.swift */; };
		977633DC2A51C987009FD90C /* AboutListView.swift in Sources */ = {isa = PBXBuildFile; fileRef = 977633DB2A51C987009FD90C /* AboutListView.swift */; };
		9782405B2A3B410000CAC459 /* IngredientListView.swift in Sources */ = {isa = PBXBuildFile; fileRef = 9782405A2A3B410000CAC459 /* IngredientListView.swift */; };
		97AB36B02AAA0283001CB9F4 /* FolderSectionView.swift in Sources */ = {isa = PBXBuildFile; fileRef = 97AB36AF2AAA0283001CB9F4 /* FolderSectionView.swift */; };
		97AD13B82A2E7392002FCE30 /* Main.swift in Sources */ = {isa = PBXBuildFile; fileRef = 97AD13B72A2E7392002FCE30 /* Main.swift */; };
		97AD13BC2A2E7394002FCE30 /* Assets.xcassets in Resources */ = {isa = PBXBuildFile; fileRef = 97AD13BB2A2E7394002FCE30 /* Assets.xcassets */; };
		97AD13BF2A2E7394002FCE30 /* Preview Assets.xcassets in Resources */ = {isa = PBXBuildFile; fileRef = 97AD13BE2A2E7394002FCE30 /* Preview Assets.xcassets */; };
		97AD13CC2A2E7447002FCE30 /* Tagged in Frameworks */ = {isa = PBXBuildFile; productRef = 97AD13CB2A2E7447002FCE30 /* Tagged */; };
		97AD13CF2A2E74C2002FCE30 /* RecipeView.swift in Sources */ = {isa = PBXBuildFile; fileRef = 97AD13CE2A2E74C2002FCE30 /* RecipeView.swift */; };
		97AD13D32A2E74E9002FCE30 /* Features+Model.swift in Sources */ = {isa = PBXBuildFile; fileRef = 97AD13D22A2E74E9002FCE30 /* Features+Model.swift */; };
		97B17BCD2AB7713A009B6378 /* Database.swift in Sources */ = {isa = PBXBuildFile; fileRef = 97B17BCC2AB7713A009B6378 /* Database.swift */; };
		97B17C2F2AB8BDBC009B6378 /* Database+Live.swift in Sources */ = {isa = PBXBuildFile; fileRef = 97B17C2E2AB8BDBC009B6378 /* Database+Live.swift */; };
		97B62F312A4B80480077A5F1 /* CustomDisclosureGroupStyle.swift in Sources */ = {isa = PBXBuildFile; fileRef = 97B62F302A4B80480077A5F1 /* CustomDisclosureGroupStyle.swift */; };
		97C04E682A40AA0D00EB7D6D /* burger_bun_01.jpg in Resources */ = {isa = PBXBuildFile; fileRef = 97C04E622A40AA0C00EB7D6D /* burger_bun_01.jpg */; };
		97C04E692A40AA0D00EB7D6D /* burger_bun_02.jpg in Resources */ = {isa = PBXBuildFile; fileRef = 97C04E632A40AA0D00EB7D6D /* burger_bun_02.jpg */; };
		97C04E6A2A40AA0D00EB7D6D /* burger_bun_06.jpg in Resources */ = {isa = PBXBuildFile; fileRef = 97C04E642A40AA0D00EB7D6D /* burger_bun_06.jpg */; };
		97C04E6B2A40AA0D00EB7D6D /* burger_bun_04.jpg in Resources */ = {isa = PBXBuildFile; fileRef = 97C04E652A40AA0D00EB7D6D /* burger_bun_04.jpg */; };
		97C04E6C2A40AA0D00EB7D6D /* burger_bun_03.jpg in Resources */ = {isa = PBXBuildFile; fileRef = 97C04E662A40AA0D00EB7D6D /* burger_bun_03.jpg */; };
		97C04E6D2A40AA0D00EB7D6D /* burger_bun_05.jpg in Resources */ = {isa = PBXBuildFile; fileRef = 97C04E672A40AA0D00EB7D6D /* burger_bun_05.jpg */; };
		97CE0F242AF416600075B46D /* Database+Preview.swift in Sources */ = {isa = PBXBuildFile; fileRef = 97CE0F232AF416600075B46D /* Database+Preview.swift */; };
		97CE0F262AF43FB90075B46D /* Database+Test.swift in Sources */ = {isa = PBXBuildFile; fileRef = 97CE0F252AF43FB90075B46D /* Database+Test.swift */; };
		97D8CCFF2A55EED60031E760 /* PhotosClient.swift in Sources */ = {isa = PBXBuildFile; fileRef = 97D8CCFE2A55EED60031E760 /* PhotosClient.swift */; };
		97E8F4C02B03A856000192C7 /* burger_meat_01.jpg in Resources */ = {isa = PBXBuildFile; fileRef = 97E8F4BC2B03A856000192C7 /* burger_meat_01.jpg */; };
		97E8F4C12B03A856000192C7 /* burger_meat_02.jpg in Resources */ = {isa = PBXBuildFile; fileRef = 97E8F4BD2B03A856000192C7 /* burger_meat_02.jpg */; };
		97E8F4C22B03A856000192C7 /* burger_meat_03.jpg in Resources */ = {isa = PBXBuildFile; fileRef = 97E8F4BE2B03A856000192C7 /* burger_meat_03.jpg */; };
		97E8F4C32B03A856000192C7 /* burger_meat_04.jpg in Resources */ = {isa = PBXBuildFile; fileRef = 97E8F4BF2B03A856000192C7 /* burger_meat_04.jpg */; };
		97E8F4C52B055023000192C7 /* SDClientTests_Folder.swift in Sources */ = {isa = PBXBuildFile; fileRef = 97E8F4C42B055023000192C7 /* SDClientTests_Folder.swift */; };
		97EE972C2A6853BB001AA88B /* StepsListView.swift in Sources */ = {isa = PBXBuildFile; fileRef = 97EE972B2A6853BB001AA88B /* StepsListView.swift */; };
		97EE972E2A6853C9001AA88B /* StepSectionView.swift in Sources */ = {isa = PBXBuildFile; fileRef = 97EE972D2A6853C9001AA88B /* StepSectionView.swift */; };
		97EE97302A6853F6001AA88B /* StepView.swift in Sources */ = {isa = PBXBuildFile; fileRef = 97EE972F2A6853F6001AA88B /* StepView.swift */; };
		97EF38F52A9E3D7600DF4D86 /* FoldersView.swift in Sources */ = {isa = PBXBuildFile; fileRef = 97EF38F42A9E3D7600DF4D86 /* FoldersView.swift */; };
		97F9C5032A9D66610053CAB5 /* HidingImages.swift in Sources */ = {isa = PBXBuildFile; fileRef = 97F9C5022A9D66610053CAB5 /* HidingImages.swift */; };
		97F9C5072A9D66A60053CAB5 /* MaxScreenWidth.swift in Sources */ = {isa = PBXBuildFile; fileRef = 97F9C5062A9D66A60053CAB5 /* MaxScreenWidth.swift */; };
/* End PBXBuildFile section */

/* Begin PBXContainerItemProxy section */
		97833B9D2A584E4E002EB24B /* PBXContainerItemProxy */ = {
			isa = PBXContainerItemProxy;
			containerPortal = 97AD13AC2A2E7392002FCE30 /* Project object */;
			proxyType = 1;
			remoteGlobalIDString = 97AD13B32A2E7392002FCE30;
			remoteInfo = ChefTime;
		};
/* End PBXContainerItemProxy section */

/* Begin PBXFileReference section */
		9704A1892AB33D3200E826BB /* RecipeGridItemView.swift */ = {isa = PBXFileReference; lastKnownFileType = sourcecode.swift; path = RecipeGridItemView.swift; sourceTree = "<group>"; };
		9704A18D2AB33FD200E826BB /* RecipeSectionView.swift */ = {isa = PBXFileReference; lastKnownFileType = sourcecode.swift; path = RecipeSectionView.swift; sourceTree = "<group>"; };
		9704A18F2AB3421C00E826BB /* FolderReducer.swift */ = {isa = PBXFileReference; lastKnownFileType = sourcecode.swift; path = FolderReducer.swift; sourceTree = "<group>"; };
		9704F31B2AFB0F18003D24C1 /* SDClientTests_Recipe.swift */ = {isa = PBXFileReference; lastKnownFileType = sourcecode.swift; path = SDClientTests_Recipe.swift; sourceTree = "<group>"; };
		970BEFF12AF859D100ACD339 /* Model+Recipe.swift */ = {isa = PBXFileReference; lastKnownFileType = sourcecode.swift; path = "Model+Recipe.swift"; sourceTree = "<group>"; };
		970BEFF32AF859D800ACD339 /* Model+Folder.swift */ = {isa = PBXFileReference; lastKnownFileType = sourcecode.swift; path = "Model+Folder.swift"; sourceTree = "<group>"; };
		9712FB4F2A438A0B00E5E227 /* ImageSlider.swift */ = {isa = PBXFileReference; lastKnownFileType = sourcecode.swift; path = ImageSlider.swift; sourceTree = "<group>"; };
		9712FB572A438E2A00E5E227 /* recipe_00.jpeg */ = {isa = PBXFileReference; lastKnownFileType = image.jpeg; path = recipe_00.jpeg; sourceTree = "<group>"; };
		9712FB582A438E2A00E5E227 /* recipe_01.jpeg */ = {isa = PBXFileReference; lastKnownFileType = image.jpeg; path = recipe_01.jpeg; sourceTree = "<group>"; };
		9712FB592A438E2A00E5E227 /* recipe_02.jpeg */ = {isa = PBXFileReference; lastKnownFileType = image.jpeg; path = recipe_02.jpeg; sourceTree = "<group>"; };
		9712FB612A43A13800E5E227 /* PhotosView.swift */ = {isa = PBXFileReference; lastKnownFileType = sourcecode.swift; path = PhotosView.swift; sourceTree = "<group>"; };
		971334C12A97D54300743A49 /* FolderView.swift */ = {isa = PBXFileReference; lastKnownFileType = sourcecode.swift; path = FolderView.swift; sourceTree = "<group>"; };
		971A3B5B2A40FD71009F8002 /* Info.plist */ = {isa = PBXFileReference; lastKnownFileType = text.plist.xml; path = Info.plist; sourceTree = "<group>"; };
		972440042A4CD623002E3AAF /* View+Synchronize.swift */ = {isa = PBXFileReference; lastKnownFileType = sourcecode.swift; path = "View+Synchronize.swift"; sourceTree = "<group>"; };
		9729563A2B0D0BB0005A2D3D /* StepReducer.swift */ = {isa = PBXFileReference; lastKnownFileType = sourcecode.swift; path = StepReducer.swift; sourceTree = "<group>"; };
		9729563E2B0D0C10005A2D3D /* StepSectionReducer.swift */ = {isa = PBXFileReference; lastKnownFileType = sourcecode.swift; path = StepSectionReducer.swift; sourceTree = "<group>"; };
		972956412B0D0C84005A2D3D /* StepsListReducer.swift */ = {isa = PBXFileReference; lastKnownFileType = sourcecode.swift; path = StepsListReducer.swift; sourceTree = "<group>"; };
		972956432B0D0D77005A2D3D /* IngredientReducer.swift */ = {isa = PBXFileReference; lastKnownFileType = sourcecode.swift; path = IngredientReducer.swift; sourceTree = "<group>"; };
		972956492B0D0E79005A2D3D /* IngredientSectionReducer.swift */ = {isa = PBXFileReference; lastKnownFileType = sourcecode.swift; path = IngredientSectionReducer.swift; sourceTree = "<group>"; };
		9729564B2B0D0ED7005A2D3D /* IngredientListReducer.swift */ = {isa = PBXFileReference; lastKnownFileType = sourcecode.swift; path = IngredientListReducer.swift; sourceTree = "<group>"; };
		9729564F2B0D0F86005A2D3D /* AboutListReducer.swift */ = {isa = PBXFileReference; lastKnownFileType = sourcecode.swift; path = AboutListReducer.swift; sourceTree = "<group>"; };
		972956512B0D0F8E005A2D3D /* AboutSectionReducer.swift */ = {isa = PBXFileReference; lastKnownFileType = sourcecode.swift; path = AboutSectionReducer.swift; sourceTree = "<group>"; };
		972956552B0D116C005A2D3D /* PhotosReducer.swift */ = {isa = PBXFileReference; lastKnownFileType = sourcecode.swift; path = PhotosReducer.swift; sourceTree = "<group>"; };
		972956582B0D1295005A2D3D /* FolderSectionReducer.swift */ = {isa = PBXFileReference; lastKnownFileType = sourcecode.swift; path = FolderSectionReducer.swift; sourceTree = "<group>"; };
		9729565A2B0D12B3005A2D3D /* FolderGridItemReducer.swift */ = {isa = PBXFileReference; lastKnownFileType = sourcecode.swift; path = FolderGridItemReducer.swift; sourceTree = "<group>"; };
		9729565C2B0D12E8005A2D3D /* RecipeSectionReducer.swift */ = {isa = PBXFileReference; lastKnownFileType = sourcecode.swift; path = RecipeSectionReducer.swift; sourceTree = "<group>"; };
		9729565E2B0D12F0005A2D3D /* RecipeGridItemReducer.swift */ = {isa = PBXFileReference; lastKnownFileType = sourcecode.swift; path = RecipeGridItemReducer.swift; sourceTree = "<group>"; };
		97402AD32ADB0ED0005204D5 /* IdentifiedArray+Extensions.swift */ = {isa = PBXFileReference; lastKnownFileType = sourcecode.swift; path = "IdentifiedArray+Extensions.swift"; sourceTree = "<group>"; };
		9745FCF42AB21D71008CF16F /* FolderGridItemView.swift */ = {isa = PBXFileReference; lastKnownFileType = sourcecode.swift; path = FolderGridItemView.swift; sourceTree = "<group>"; };
		974730562B0D38C800C99D1F /* PhotosReducer+Extensions.swift */ = {isa = PBXFileReference; lastKnownFileType = sourcecode.swift; path = "PhotosReducer+Extensions.swift"; sourceTree = "<group>"; };
		974730582B0D4BB700C99D1F /* RecipeReducer+Extensions.swift */ = {isa = PBXFileReference; lastKnownFileType = sourcecode.swift; path = "RecipeReducer+Extensions.swift"; sourceTree = "<group>"; };
		9747305A2B0D58C700C99D1F /* AppReducer+Extensions.swift */ = {isa = PBXFileReference; lastKnownFileType = sourcecode.swift; path = "AppReducer+Extensions.swift"; sourceTree = "<group>"; };
		975A4EEC2A44C23300C9509A /* IngredientSectionView.swift */ = {isa = PBXFileReference; lastKnownFileType = sourcecode.swift; path = IngredientSectionView.swift; sourceTree = "<group>"; };
		975A4EEE2A44C23800C9509A /* IngredientView.swift */ = {isa = PBXFileReference; lastKnownFileType = sourcecode.swift; path = IngredientView.swift; sourceTree = "<group>"; };
		975AC2F22ACB048500B099DC /* RecipeReducer.swift */ = {isa = PBXFileReference; lastKnownFileType = sourcecode.swift; path = RecipeReducer.swift; sourceTree = "<group>"; };
		975F47C12A6AD3BF0016BB95 /* Text+ViewModifier.swift */ = {isa = PBXFileReference; lastKnownFileType = sourcecode.swift; path = "Text+ViewModifier.swift"; sourceTree = "<group>"; };
		975F47C32A6B06FC0016BB95 /* Model+ImageData.swift */ = {isa = PBXFileReference; lastKnownFileType = sourcecode.swift; path = "Model+ImageData.swift"; sourceTree = "<group>"; };
		9760CBAE2A9D1AC90077A8F9 /* FoldersReducer.swift */ = {isa = PBXFileReference; lastKnownFileType = sourcecode.swift; path = FoldersReducer.swift; sourceTree = "<group>"; };
		9767E0FB2AE97E94003B0E2C /* SDClient.swift */ = {isa = PBXFileReference; fileEncoding = 4; lastKnownFileType = sourcecode.swift; path = SDClient.swift; sourceTree = "<group>"; };
		976CBB3B2AB3A06E00BE69F5 /* Search.swift */ = {isa = PBXFileReference; lastKnownFileType = sourcecode.swift; path = Search.swift; sourceTree = "<group>"; };
		976CBB3D2AB3A64800BE69F5 /* SearchView.swift */ = {isa = PBXFileReference; lastKnownFileType = sourcecode.swift; path = SearchView.swift; sourceTree = "<group>"; };
		9775C1A62B0BA6A200B6F633 /* AppReducer.swift */ = {isa = PBXFileReference; lastKnownFileType = sourcecode.swift; path = AppReducer.swift; sourceTree = "<group>"; };
		9775C1A82B0BA6A700B6F633 /* AppView.swift */ = {isa = PBXFileReference; lastKnownFileType = sourcecode.swift; path = AppView.swift; sourceTree = "<group>"; };
		977633D52A4F77C9009FD90C /* Binding+RemoveDuplicates.swift */ = {isa = PBXFileReference; lastKnownFileType = sourcecode.swift; path = "Binding+RemoveDuplicates.swift"; sourceTree = "<group>"; };
		977633D92A51C4B0009FD90C /* AboutSectionView.swift */ = {isa = PBXFileReference; lastKnownFileType = sourcecode.swift; path = AboutSectionView.swift; sourceTree = "<group>"; };
		977633DB2A51C987009FD90C /* AboutListView.swift */ = {isa = PBXFileReference; lastKnownFileType = sourcecode.swift; path = AboutListView.swift; sourceTree = "<group>"; };
		9782405A2A3B410000CAC459 /* IngredientListView.swift */ = {isa = PBXFileReference; lastKnownFileType = sourcecode.swift; path = IngredientListView.swift; sourceTree = "<group>"; };
		97833B992A584E4E002EB24B /* ChefTimeTests.xctest */ = {isa = PBXFileReference; explicitFileType = wrapper.cfbundle; includeInIndex = 0; path = ChefTimeTests.xctest; sourceTree = BUILT_PRODUCTS_DIR; };
		97AB36AF2AAA0283001CB9F4 /* FolderSectionView.swift */ = {isa = PBXFileReference; lastKnownFileType = sourcecode.swift; path = FolderSectionView.swift; sourceTree = "<group>"; };
		97AD13B42A2E7392002FCE30 /* ChefTime.app */ = {isa = PBXFileReference; explicitFileType = wrapper.application; includeInIndex = 0; path = ChefTime.app; sourceTree = BUILT_PRODUCTS_DIR; };
		97AD13B72A2E7392002FCE30 /* Main.swift */ = {isa = PBXFileReference; lastKnownFileType = sourcecode.swift; path = Main.swift; sourceTree = "<group>"; };
		97AD13BB2A2E7394002FCE30 /* Assets.xcassets */ = {isa = PBXFileReference; lastKnownFileType = folder.assetcatalog; path = Assets.xcassets; sourceTree = "<group>"; };
		97AD13BE2A2E7394002FCE30 /* Preview Assets.xcassets */ = {isa = PBXFileReference; lastKnownFileType = folder.assetcatalog; path = "Preview Assets.xcassets"; sourceTree = "<group>"; };
		97AD13CE2A2E74C2002FCE30 /* RecipeView.swift */ = {isa = PBXFileReference; lastKnownFileType = sourcecode.swift; path = RecipeView.swift; sourceTree = "<group>"; };
		97AD13D22A2E74E9002FCE30 /* Features+Model.swift */ = {isa = PBXFileReference; lastKnownFileType = sourcecode.swift; path = "Features+Model.swift"; sourceTree = "<group>"; };
		97B17BCC2AB7713A009B6378 /* Database.swift */ = {isa = PBXFileReference; lastKnownFileType = sourcecode.swift; path = Database.swift; sourceTree = "<group>"; };
		97B17C2E2AB8BDBC009B6378 /* Database+Live.swift */ = {isa = PBXFileReference; lastKnownFileType = sourcecode.swift; path = "Database+Live.swift"; sourceTree = "<group>"; };
		97B62F302A4B80480077A5F1 /* CustomDisclosureGroupStyle.swift */ = {isa = PBXFileReference; lastKnownFileType = sourcecode.swift; path = CustomDisclosureGroupStyle.swift; sourceTree = "<group>"; };
		97C04E622A40AA0C00EB7D6D /* burger_bun_01.jpg */ = {isa = PBXFileReference; lastKnownFileType = image.jpeg; path = burger_bun_01.jpg; sourceTree = "<group>"; };
		97C04E632A40AA0D00EB7D6D /* burger_bun_02.jpg */ = {isa = PBXFileReference; lastKnownFileType = image.jpeg; path = burger_bun_02.jpg; sourceTree = "<group>"; };
		97C04E642A40AA0D00EB7D6D /* burger_bun_06.jpg */ = {isa = PBXFileReference; lastKnownFileType = image.jpeg; path = burger_bun_06.jpg; sourceTree = "<group>"; };
		97C04E652A40AA0D00EB7D6D /* burger_bun_04.jpg */ = {isa = PBXFileReference; lastKnownFileType = image.jpeg; path = burger_bun_04.jpg; sourceTree = "<group>"; };
		97C04E662A40AA0D00EB7D6D /* burger_bun_03.jpg */ = {isa = PBXFileReference; lastKnownFileType = image.jpeg; path = burger_bun_03.jpg; sourceTree = "<group>"; };
		97C04E672A40AA0D00EB7D6D /* burger_bun_05.jpg */ = {isa = PBXFileReference; lastKnownFileType = image.jpeg; path = burger_bun_05.jpg; sourceTree = "<group>"; };
		97CE0F232AF416600075B46D /* Database+Preview.swift */ = {isa = PBXFileReference; lastKnownFileType = sourcecode.swift; path = "Database+Preview.swift"; sourceTree = "<group>"; };
		97CE0F252AF43FB90075B46D /* Database+Test.swift */ = {isa = PBXFileReference; lastKnownFileType = sourcecode.swift; path = "Database+Test.swift"; sourceTree = "<group>"; };
		97D866DF2B06805200DAC882 /* ChefTimeTests.xctestplan */ = {isa = PBXFileReference; lastKnownFileType = text; name = ChefTimeTests.xctestplan; path = ChefTimeTests/ChefTimeTests.xctestplan; sourceTree = "<group>"; };
		97D8CCFE2A55EED60031E760 /* PhotosClient.swift */ = {isa = PBXFileReference; lastKnownFileType = sourcecode.swift; path = PhotosClient.swift; sourceTree = "<group>"; };
		97E8F4BC2B03A856000192C7 /* burger_meat_01.jpg */ = {isa = PBXFileReference; lastKnownFileType = image.jpeg; path = burger_meat_01.jpg; sourceTree = "<group>"; };
		97E8F4BD2B03A856000192C7 /* burger_meat_02.jpg */ = {isa = PBXFileReference; lastKnownFileType = image.jpeg; path = burger_meat_02.jpg; sourceTree = "<group>"; };
		97E8F4BE2B03A856000192C7 /* burger_meat_03.jpg */ = {isa = PBXFileReference; lastKnownFileType = image.jpeg; path = burger_meat_03.jpg; sourceTree = "<group>"; };
		97E8F4BF2B03A856000192C7 /* burger_meat_04.jpg */ = {isa = PBXFileReference; lastKnownFileType = image.jpeg; path = burger_meat_04.jpg; sourceTree = "<group>"; };
		97E8F4C42B055023000192C7 /* SDClientTests_Folder.swift */ = {isa = PBXFileReference; lastKnownFileType = sourcecode.swift; path = SDClientTests_Folder.swift; sourceTree = "<group>"; };
		97EE972B2A6853BB001AA88B /* StepsListView.swift */ = {isa = PBXFileReference; lastKnownFileType = sourcecode.swift; path = StepsListView.swift; sourceTree = "<group>"; };
		97EE972D2A6853C9001AA88B /* StepSectionView.swift */ = {isa = PBXFileReference; lastKnownFileType = sourcecode.swift; path = StepSectionView.swift; sourceTree = "<group>"; };
		97EE972F2A6853F6001AA88B /* StepView.swift */ = {isa = PBXFileReference; lastKnownFileType = sourcecode.swift; path = StepView.swift; sourceTree = "<group>"; };
		97EF38F42A9E3D7600DF4D86 /* FoldersView.swift */ = {isa = PBXFileReference; lastKnownFileType = sourcecode.swift; path = FoldersView.swift; sourceTree = "<group>"; };
		97F9C5022A9D66610053CAB5 /* HidingImages.swift */ = {isa = PBXFileReference; lastKnownFileType = sourcecode.swift; path = HidingImages.swift; sourceTree = "<group>"; };
		97F9C5062A9D66A60053CAB5 /* MaxScreenWidth.swift */ = {isa = PBXFileReference; lastKnownFileType = sourcecode.swift; path = MaxScreenWidth.swift; sourceTree = "<group>"; };
/* End PBXFileReference section */

/* Begin PBXFrameworksBuildPhase section */
		97833B962A584E4E002EB24B /* Frameworks */ = {
			isa = PBXFrameworksBuildPhase;
			buildActionMask = 2147483647;
			files = (
			);
			runOnlyForDeploymentPostprocessing = 0;
		};
		97AD13B12A2E7392002FCE30 /* Frameworks */ = {
			isa = PBXFrameworksBuildPhase;
			buildActionMask = 2147483647;
			files = (
				975CB55C2A8E9C980049BA07 /* ComposableArchitecture in Frameworks */,
				97AD13CC2A2E7447002FCE30 /* Tagged in Frameworks */,
			);
			runOnlyForDeploymentPostprocessing = 0;
		};
/* End PBXFrameworksBuildPhase section */

/* Begin PBXGroup section */
		97033A142AD490F5006C5A54 /* FolderSection */ = {
			isa = PBXGroup;
			children = (
				97AB36AF2AAA0283001CB9F4 /* FolderSectionView.swift */,
				972956582B0D1295005A2D3D /* FolderSectionReducer.swift */,
				9745FCF42AB21D71008CF16F /* FolderGridItemView.swift */,
				9729565A2B0D12B3005A2D3D /* FolderGridItemReducer.swift */,
			);
			path = FolderSection;
			sourceTree = "<group>";
		};
		97033A152AD490FE006C5A54 /* RecipeSection */ = {
			isa = PBXGroup;
			children = (
				9704A18D2AB33FD200E826BB /* RecipeSectionView.swift */,
				9729565C2B0D12E8005A2D3D /* RecipeSectionReducer.swift */,
				9704A1892AB33D3200E826BB /* RecipeGridItemView.swift */,
				9729565E2B0D12F0005A2D3D /* RecipeGridItemReducer.swift */,
			);
			path = RecipeSection;
			sourceTree = "<group>";
		};
		97033A162AD495BB006C5A54 /* Screens */ = {
			isa = PBXGroup;
			children = (
				9775C1AA2B0BA6D700B6F633 /* App */,
				9760CBAD2A9D1ABC0077A8F9 /* Folders */,
				97DE5BC62A97C8BD00BBE455 /* Folder */,
				975A4EFB2A44C3AA00C9509A /* Recipe */,
			);
			path = Screens;
			sourceTree = "<group>";
		};
		97033A172AD495C7006C5A54 /* Non-Screens */ = {
			isa = PBXGroup;
			children = (
				9712FB5E2A4393B100E5E227 /* Photos */,
				976CBB3A2AB3A05900BE69F5 /* Search */,
				97033A152AD490FE006C5A54 /* RecipeSection */,
				97033A142AD490F5006C5A54 /* FolderSection */,
			);
			path = "Non-Screens";
			sourceTree = "<group>";
		};
		9704F3022AFAE052003D24C1 /* Database+Mock */ = {
			isa = PBXGroup;
			children = (
				9704F3032AFB0858003D24C1 /* SDMock */,
			);
			path = "Database+Mock";
			sourceTree = "<group>";
		};
		9704F3032AFB0858003D24C1 /* SDMock */ = {
			isa = PBXGroup;
			children = (
			);
			path = SDMock;
			sourceTree = "<group>";
		};
		9704F31A2AFB08C7003D24C1 /* Shared */ = {
			isa = PBXGroup;
			children = (
				97AD13D22A2E74E9002FCE30 /* Features+Model.swift */,
				97402AD32ADB0ED0005204D5 /* IdentifiedArray+Extensions.swift */,
			);
			path = Shared;
			sourceTree = "<group>";
		};
		970BEFF72AF85AF200ACD339 /* Model */ = {
			isa = PBXGroup;
			children = (
				970BEFF32AF859D800ACD339 /* Model+Folder.swift */,
				970BEFF12AF859D100ACD339 /* Model+Recipe.swift */,
				975F47C32A6B06FC0016BB95 /* Model+ImageData.swift */,
			);
			path = Model;
			sourceTree = "<group>";
		};
		9712FB5E2A4393B100E5E227 /* Photos */ = {
			isa = PBXGroup;
			children = (
				9712FB612A43A13800E5E227 /* PhotosView.swift */,
				972956552B0D116C005A2D3D /* PhotosReducer.swift */,
				974730562B0D38C800C99D1F /* PhotosReducer+Extensions.swift */,
				9712FB4F2A438A0B00E5E227 /* ImageSlider.swift */,
			);
			path = Photos;
			sourceTree = "<group>";
		};
		9729563C2B0D0BFA005A2D3D /* Step */ = {
			isa = PBXGroup;
			children = (
				97EE972F2A6853F6001AA88B /* StepView.swift */,
				9729563A2B0D0BB0005A2D3D /* StepReducer.swift */,
			);
			path = Step;
			sourceTree = "<group>";
		};
		9729563D2B0D0C05005A2D3D /* StepSection */ = {
			isa = PBXGroup;
			children = (
				97EE972D2A6853C9001AA88B /* StepSectionView.swift */,
				9729563E2B0D0C10005A2D3D /* StepSectionReducer.swift */,
			);
			path = StepSection;
			sourceTree = "<group>";
		};
		972956402B0D0C71005A2D3D /* StepList */ = {
			isa = PBXGroup;
			children = (
				97EE972B2A6853BB001AA88B /* StepsListView.swift */,
				972956412B0D0C84005A2D3D /* StepsListReducer.swift */,
			);
			path = StepList;
			sourceTree = "<group>";
		};
		972956452B0D0DDF005A2D3D /* Ingredient */ = {
			isa = PBXGroup;
			children = (
				975A4EEE2A44C23800C9509A /* IngredientView.swift */,
				972956432B0D0D77005A2D3D /* IngredientReducer.swift */,
			);
			path = Ingredient;
			sourceTree = "<group>";
		};
		972956462B0D0DEC005A2D3D /* IngredientSection */ = {
			isa = PBXGroup;
			children = (
				975A4EEC2A44C23300C9509A /* IngredientSectionView.swift */,
				972956492B0D0E79005A2D3D /* IngredientSectionReducer.swift */,
			);
			path = IngredientSection;
			sourceTree = "<group>";
		};
		9729564D2B0D0F20005A2D3D /* IngredientList */ = {
			isa = PBXGroup;
			children = (
				9782405A2A3B410000CAC459 /* IngredientListView.swift */,
				9729564B2B0D0ED7005A2D3D /* IngredientListReducer.swift */,
			);
			path = IngredientList;
			sourceTree = "<group>";
		};
		9729564E2B0D0F75005A2D3D /* AboutSection */ = {
			isa = PBXGroup;
			children = (
				977633D92A51C4B0009FD90C /* AboutSectionView.swift */,
				972956512B0D0F8E005A2D3D /* AboutSectionReducer.swift */,
			);
			path = AboutSection;
			sourceTree = "<group>";
		};
		972956542B0D102C005A2D3D /* AboutList */ = {
			isa = PBXGroup;
			children = (
				977633DB2A51C987009FD90C /* AboutListView.swift */,
				9729564F2B0D0F86005A2D3D /* AboutListReducer.swift */,
			);
			path = AboutList;
			sourceTree = "<group>";
		};
		975A4EF22A44C30500C9509A /* Features */ = {
			isa = PBXGroup;
			children = (
				97033A162AD495BB006C5A54 /* Screens */,
				97033A172AD495C7006C5A54 /* Non-Screens */,
				9704F31A2AFB08C7003D24C1 /* Shared */,
			);
			path = Features;
			sourceTree = "<group>";
		};
		975A4EF32A44C30B00C9509A /* Dependencies */ = {
			isa = PBXGroup;
			children = (
				97B17BCB2AB770D6009B6378 /* Database */,
				97D8CCFE2A55EED60031E760 /* PhotosClient.swift */,
				97F9C5022A9D66610053CAB5 /* HidingImages.swift */,
				97F9C5062A9D66A60053CAB5 /* MaxScreenWidth.swift */,
			);
			path = Dependencies;
			sourceTree = "<group>";
		};
		975A4EF42A44C31000C9509A /* Resources */ = {
			isa = PBXGroup;
			children = (
				97AD13B72A2E7392002FCE30 /* Main.swift */,
				971A3B5B2A40FD71009F8002 /* Info.plist */,
				97AD13BB2A2E7394002FCE30 /* Assets.xcassets */,
				97AD13BD2A2E7394002FCE30 /* Preview Content */,
				97C04E5F2A40A99C00EB7D6D /* Images */,
			);
			path = Resources;
			sourceTree = "<group>";
		};
		975A4EF52A44C31700C9509A /* SwiftUI */ = {
			isa = PBXGroup;
			children = (
				97B62F302A4B80480077A5F1 /* CustomDisclosureGroupStyle.swift */,
				972440042A4CD623002E3AAF /* View+Synchronize.swift */,
				977633D52A4F77C9009FD90C /* Binding+RemoveDuplicates.swift */,
				975F47C12A6AD3BF0016BB95 /* Text+ViewModifier.swift */,
			);
			path = SwiftUI;
			sourceTree = "<group>";
		};
		975A4EF62A44C33C00C9509A /* About */ = {
			isa = PBXGroup;
			children = (
				972956542B0D102C005A2D3D /* AboutList */,
				9729564E2B0D0F75005A2D3D /* AboutSection */,
			);
			path = About;
			sourceTree = "<group>";
		};
		975A4EF82A44C34600C9509A /* Ingredients */ = {
			isa = PBXGroup;
			children = (
				9729564D2B0D0F20005A2D3D /* IngredientList */,
				972956462B0D0DEC005A2D3D /* IngredientSection */,
				972956452B0D0DDF005A2D3D /* Ingredient */,
			);
			path = Ingredients;
			sourceTree = "<group>";
		};
		975A4EFB2A44C3AA00C9509A /* Recipe */ = {
			isa = PBXGroup;
			children = (
				97AD13CE2A2E74C2002FCE30 /* RecipeView.swift */,
				975AC2F22ACB048500B099DC /* RecipeReducer.swift */,
				974730582B0D4BB700C99D1F /* RecipeReducer+Extensions.swift */,
				975A4EF62A44C33C00C9509A /* About */,
				975A4EF82A44C34600C9509A /* Ingredients */,
				97CC0C0F2A3A1F5400E311C9 /* Steps */,
			);
			path = Recipe;
			sourceTree = "<group>";
		};
		9760CBAD2A9D1ABC0077A8F9 /* Folders */ = {
			isa = PBXGroup;
			children = (
				97EF38F42A9E3D7600DF4D86 /* FoldersView.swift */,
				9760CBAE2A9D1AC90077A8F9 /* FoldersReducer.swift */,
			);
			path = Folders;
			sourceTree = "<group>";
		};
		976CBB3A2AB3A05900BE69F5 /* Search */ = {
			isa = PBXGroup;
			children = (
				976CBB3D2AB3A64800BE69F5 /* SearchView.swift */,
				976CBB3B2AB3A06E00BE69F5 /* Search.swift */,
			);
			path = Search;
			sourceTree = "<group>";
		};
		9775C1AA2B0BA6D700B6F633 /* App */ = {
			isa = PBXGroup;
			children = (
				9775C1A82B0BA6A700B6F633 /* AppView.swift */,
				9775C1A62B0BA6A200B6F633 /* AppReducer.swift */,
				9747305A2B0D58C700C99D1F /* AppReducer+Extensions.swift */,
			);
			path = App;
			sourceTree = "<group>";
		};
		97833B9A2A584E4E002EB24B /* ChefTimeTests */ = {
			isa = PBXGroup;
			children = (
				9704F31B2AFB0F18003D24C1 /* SDClientTests_Recipe.swift */,
				97E8F4C42B055023000192C7 /* SDClientTests_Folder.swift */,
			);
			path = ChefTimeTests;
			sourceTree = "<group>";
		};
		97AD13AB2A2E7392002FCE30 = {
			isa = PBXGroup;
			children = (
				97D866DF2B06805200DAC882 /* ChefTimeTests.xctestplan */,
				97AD13B62A2E7392002FCE30 /* ChefTime */,
				97833B9A2A584E4E002EB24B /* ChefTimeTests */,
				97AD13B52A2E7392002FCE30 /* Products */,
			);
			sourceTree = "<group>";
		};
		97AD13B52A2E7392002FCE30 /* Products */ = {
			isa = PBXGroup;
			children = (
				97AD13B42A2E7392002FCE30 /* ChefTime.app */,
				97833B992A584E4E002EB24B /* ChefTimeTests.xctest */,
			);
			name = Products;
			sourceTree = "<group>";
		};
		97AD13B62A2E7392002FCE30 /* ChefTime */ = {
			isa = PBXGroup;
			children = (
				975A4EF52A44C31700C9509A /* SwiftUI */,
				975A4EF22A44C30500C9509A /* Features */,
				975A4EF32A44C30B00C9509A /* Dependencies */,
				975A4EF42A44C31000C9509A /* Resources */,
			);
			path = ChefTime;
			sourceTree = "<group>";
		};
		97AD13BD2A2E7394002FCE30 /* Preview Content */ = {
			isa = PBXGroup;
			children = (
				97AD13BE2A2E7394002FCE30 /* Preview Assets.xcassets */,
			);
			path = "Preview Content";
			sourceTree = "<group>";
		};
		97B17BCB2AB770D6009B6378 /* Database */ = {
			isa = PBXGroup;
			children = (
				9704F3022AFAE052003D24C1 /* Database+Mock */,
				97B17BCC2AB7713A009B6378 /* Database.swift */,
				97B17C2E2AB8BDBC009B6378 /* Database+Live.swift */,
				97CE0F232AF416600075B46D /* Database+Preview.swift */,
				97CE0F252AF43FB90075B46D /* Database+Test.swift */,
				9767E0FB2AE97E94003B0E2C /* SDClient.swift */,
				970BEFF72AF85AF200ACD339 /* Model */,
			);
			path = Database;
			sourceTree = "<group>";
		};
		97C04E5F2A40A99C00EB7D6D /* Images */ = {
			isa = PBXGroup;
			children = (
				9712FB572A438E2A00E5E227 /* recipe_00.jpeg */,
				9712FB582A438E2A00E5E227 /* recipe_01.jpeg */,
				9712FB592A438E2A00E5E227 /* recipe_02.jpeg */,
				97C04E622A40AA0C00EB7D6D /* burger_bun_01.jpg */,
				97C04E632A40AA0D00EB7D6D /* burger_bun_02.jpg */,
				97C04E662A40AA0D00EB7D6D /* burger_bun_03.jpg */,
				97C04E652A40AA0D00EB7D6D /* burger_bun_04.jpg */,
				97C04E672A40AA0D00EB7D6D /* burger_bun_05.jpg */,
				97C04E642A40AA0D00EB7D6D /* burger_bun_06.jpg */,
				97E8F4BC2B03A856000192C7 /* burger_meat_01.jpg */,
				97E8F4BD2B03A856000192C7 /* burger_meat_02.jpg */,
				97E8F4BE2B03A856000192C7 /* burger_meat_03.jpg */,
				97E8F4BF2B03A856000192C7 /* burger_meat_04.jpg */,
			);
			path = Images;
			sourceTree = "<group>";
		};
		97CC0C0F2A3A1F5400E311C9 /* Steps */ = {
			isa = PBXGroup;
			children = (
				972956402B0D0C71005A2D3D /* StepList */,
				9729563D2B0D0C05005A2D3D /* StepSection */,
				9729563C2B0D0BFA005A2D3D /* Step */,
			);
			path = Steps;
			sourceTree = "<group>";
		};
		97DE5BC62A97C8BD00BBE455 /* Folder */ = {
			isa = PBXGroup;
			children = (
				971334C12A97D54300743A49 /* FolderView.swift */,
				9704A18F2AB3421C00E826BB /* FolderReducer.swift */,
			);
			path = Folder;
			sourceTree = "<group>";
		};
/* End PBXGroup section */

/* Begin PBXNativeTarget section */
		97833B982A584E4E002EB24B /* ChefTimeTests */ = {
			isa = PBXNativeTarget;
			buildConfigurationList = 97833B9F2A584E4E002EB24B /* Build configuration list for PBXNativeTarget "ChefTimeTests" */;
			buildPhases = (
				97833B952A584E4E002EB24B /* Sources */,
				97833B962A584E4E002EB24B /* Frameworks */,
				97833B972A584E4E002EB24B /* Resources */,
			);
			buildRules = (
			);
			dependencies = (
				97833B9E2A584E4E002EB24B /* PBXTargetDependency */,
			);
			name = ChefTimeTests;
			productName = ChefTimeTests;
			productReference = 97833B992A584E4E002EB24B /* ChefTimeTests.xctest */;
			productType = "com.apple.product-type.bundle.unit-test";
		};
		97AD13B32A2E7392002FCE30 /* ChefTime */ = {
			isa = PBXNativeTarget;
			buildConfigurationList = 97AD13C22A2E7394002FCE30 /* Build configuration list for PBXNativeTarget "ChefTime" */;
			buildPhases = (
				97AD13B02A2E7392002FCE30 /* Sources */,
				97AD13B12A2E7392002FCE30 /* Frameworks */,
				97AD13B22A2E7392002FCE30 /* Resources */,
			);
			buildRules = (
			);
			dependencies = (
			);
			name = ChefTime;
			packageProductDependencies = (
				97AD13CB2A2E7447002FCE30 /* Tagged */,
				975CB55B2A8E9C980049BA07 /* ComposableArchitecture */,
			);
			productName = ChefTime;
			productReference = 97AD13B42A2E7392002FCE30 /* ChefTime.app */;
			productType = "com.apple.product-type.application";
		};
/* End PBXNativeTarget section */

/* Begin PBXProject section */
		97AD13AC2A2E7392002FCE30 /* Project object */ = {
			isa = PBXProject;
			attributes = {
				BuildIndependentTargetsInParallel = 1;
				LastSwiftUpdateCheck = 1430;
				LastUpgradeCheck = 1430;
				TargetAttributes = {
					97833B982A584E4E002EB24B = {
						CreatedOnToolsVersion = 14.3.1;
						LastSwiftMigration = 1500;
						TestTargetID = 97AD13B32A2E7392002FCE30;
					};
					97AD13B32A2E7392002FCE30 = {
						CreatedOnToolsVersion = 14.3;
					};
				};
			};
			buildConfigurationList = 97AD13AF2A2E7392002FCE30 /* Build configuration list for PBXProject "ChefTime" */;
			compatibilityVersion = "Xcode 14.0";
			developmentRegion = en;
			hasScannedForEncodings = 0;
			knownRegions = (
				en,
				Base,
			);
			mainGroup = 97AD13AB2A2E7392002FCE30;
			packageReferences = (
				97AD13CA2A2E7447002FCE30 /* XCRemoteSwiftPackageReference "swift-tagged" */,
				975CB55A2A8E9C980049BA07 /* XCRemoteSwiftPackageReference "swift-composable-architecture" */,
			);
			productRefGroup = 97AD13B52A2E7392002FCE30 /* Products */;
			projectDirPath = "";
			projectRoot = "";
			targets = (
				97AD13B32A2E7392002FCE30 /* ChefTime */,
				97833B982A584E4E002EB24B /* ChefTimeTests */,
			);
		};
/* End PBXProject section */

/* Begin PBXResourcesBuildPhase section */
		97833B972A584E4E002EB24B /* Resources */ = {
			isa = PBXResourcesBuildPhase;
			buildActionMask = 2147483647;
			files = (
			);
			runOnlyForDeploymentPostprocessing = 0;
		};
		97AD13B22A2E7392002FCE30 /* Resources */ = {
			isa = PBXResourcesBuildPhase;
			buildActionMask = 2147483647;
			files = (
				97C04E692A40AA0D00EB7D6D /* burger_bun_02.jpg in Resources */,
				97AD13BF2A2E7394002FCE30 /* Preview Assets.xcassets in Resources */,
				9712FB5A2A438E2A00E5E227 /* recipe_00.jpeg in Resources */,
				9712FB5C2A438E2A00E5E227 /* recipe_02.jpeg in Resources */,
				97C04E6B2A40AA0D00EB7D6D /* burger_bun_04.jpg in Resources */,
				97C04E6A2A40AA0D00EB7D6D /* burger_bun_06.jpg in Resources */,
				97C04E6C2A40AA0D00EB7D6D /* burger_bun_03.jpg in Resources */,
				97AD13BC2A2E7394002FCE30 /* Assets.xcassets in Resources */,
				97C04E682A40AA0D00EB7D6D /* burger_bun_01.jpg in Resources */,
				97E8F4C32B03A856000192C7 /* burger_meat_04.jpg in Resources */,
				97E8F4C02B03A856000192C7 /* burger_meat_01.jpg in Resources */,
				9712FB5B2A438E2A00E5E227 /* recipe_01.jpeg in Resources */,
				97E8F4C12B03A856000192C7 /* burger_meat_02.jpg in Resources */,
				97C04E6D2A40AA0D00EB7D6D /* burger_bun_05.jpg in Resources */,
				97E8F4C22B03A856000192C7 /* burger_meat_03.jpg in Resources */,
			);
			runOnlyForDeploymentPostprocessing = 0;
		};
/* End PBXResourcesBuildPhase section */

/* Begin PBXSourcesBuildPhase section */
		97833B952A584E4E002EB24B /* Sources */ = {
			isa = PBXSourcesBuildPhase;
			buildActionMask = 2147483647;
			files = (
				9704F31C2AFB0F18003D24C1 /* SDClientTests_Recipe.swift in Sources */,
				97E8F4C52B055023000192C7 /* SDClientTests_Folder.swift in Sources */,
			);
			runOnlyForDeploymentPostprocessing = 0;
		};
		97AD13B02A2E7392002FCE30 /* Sources */ = {
			isa = PBXSourcesBuildPhase;
			buildActionMask = 2147483647;
			files = (
				9729565B2B0D12B3005A2D3D /* FolderGridItemReducer.swift in Sources */,
				9775C1A72B0BA6A200B6F633 /* AppReducer.swift in Sources */,
				9729564A2B0D0E79005A2D3D /* IngredientSectionReducer.swift in Sources */,
				974730572B0D38C800C99D1F /* PhotosReducer+Extensions.swift in Sources */,
				972956562B0D116C005A2D3D /* PhotosReducer.swift in Sources */,
				9729565D2B0D12E8005A2D3D /* RecipeSectionReducer.swift in Sources */,
				975A4EED2A44C23300C9509A /* IngredientSectionView.swift in Sources */,
				97CE0F242AF416600075B46D /* Database+Preview.swift in Sources */,
				97EE972E2A6853C9001AA88B /* StepSectionView.swift in Sources */,
				9729564C2B0D0ED7005A2D3D /* IngredientListReducer.swift in Sources */,
				977633D62A4F77C9009FD90C /* Binding+RemoveDuplicates.swift in Sources */,
				974730592B0D4BB700C99D1F /* RecipeReducer+Extensions.swift in Sources */,
				97AD13D32A2E74E9002FCE30 /* Features+Model.swift in Sources */,
				972440052A4CD623002E3AAF /* View+Synchronize.swift in Sources */,
				97CE0F262AF43FB90075B46D /* Database+Test.swift in Sources */,
				9782405B2A3B410000CAC459 /* IngredientListView.swift in Sources */,
				977633DC2A51C987009FD90C /* AboutListView.swift in Sources */,
				9704A1902AB3421C00E826BB /* FolderReducer.swift in Sources */,
				97F9C5072A9D66A60053CAB5 /* MaxScreenWidth.swift in Sources */,
				97B62F312A4B80480077A5F1 /* CustomDisclosureGroupStyle.swift in Sources */,
				9729565F2B0D12F0005A2D3D /* RecipeGridItemReducer.swift in Sources */,
				970BEFF22AF859D100ACD339 /* Model+Recipe.swift in Sources */,
				9704A18A2AB33D3200E826BB /* RecipeGridItemView.swift in Sources */,
				972956442B0D0D77005A2D3D /* IngredientReducer.swift in Sources */,
				97F9C5032A9D66610053CAB5 /* HidingImages.swift in Sources */,
				97AD13CF2A2E74C2002FCE30 /* RecipeView.swift in Sources */,
				9747305B2B0D58C700C99D1F /* AppReducer+Extensions.swift in Sources */,
				9712FB502A438A0B00E5E227 /* ImageSlider.swift in Sources */,
				9729563F2B0D0C10005A2D3D /* StepSectionReducer.swift in Sources */,
				97EE972C2A6853BB001AA88B /* StepsListView.swift in Sources */,
				97B17C2F2AB8BDBC009B6378 /* Database+Live.swift in Sources */,
				97D8CCFF2A55EED60031E760 /* PhotosClient.swift in Sources */,
				977633DA2A51C4B0009FD90C /* AboutSectionView.swift in Sources */,
				97AD13B82A2E7392002FCE30 /* Main.swift in Sources */,
				972956422B0D0C84005A2D3D /* StepsListReducer.swift in Sources */,
				97EF38F52A9E3D7600DF4D86 /* FoldersView.swift in Sources */,
				9767E0FD2AE97E94003B0E2C /* SDClient.swift in Sources */,
				975F47C42A6B06FC0016BB95 /* Model+ImageData.swift in Sources */,
				972956592B0D1295005A2D3D /* FolderSectionReducer.swift in Sources */,
				975AC2F32ACB048500B099DC /* RecipeReducer.swift in Sources */,
				9745FCF52AB21D71008CF16F /* FolderGridItemView.swift in Sources */,
				9704A18E2AB33FD200E826BB /* RecipeSectionView.swift in Sources */,
				975F47C22A6AD3BF0016BB95 /* Text+ViewModifier.swift in Sources */,
				9760CBAF2A9D1AC90077A8F9 /* FoldersReducer.swift in Sources */,
				976CBB3C2AB3A06E00BE69F5 /* Search.swift in Sources */,
				9729563B2B0D0BB1005A2D3D /* StepReducer.swift in Sources */,
				97402AD42ADB0ED0005204D5 /* IdentifiedArray+Extensions.swift in Sources */,
				970BEFF42AF859D800ACD339 /* Model+Folder.swift in Sources */,
				975A4EEF2A44C23800C9509A /* IngredientView.swift in Sources */,
				97AB36B02AAA0283001CB9F4 /* FolderSectionView.swift in Sources */,
				976CBB3E2AB3A64900BE69F5 /* SearchView.swift in Sources */,
				972956502B0D0F86005A2D3D /* AboutListReducer.swift in Sources */,
				972956522B0D0F8E005A2D3D /* AboutSectionReducer.swift in Sources */,
				97EE97302A6853F6001AA88B /* StepView.swift in Sources */,
				9775C1A92B0BA6A700B6F633 /* AppView.swift in Sources */,
				9712FB622A43A13800E5E227 /* PhotosView.swift in Sources */,
				971334C22A97D54300743A49 /* FolderView.swift in Sources */,
				97B17BCD2AB7713A009B6378 /* Database.swift in Sources */,
			);
			runOnlyForDeploymentPostprocessing = 0;
		};
/* End PBXSourcesBuildPhase section */

/* Begin PBXTargetDependency section */
		97833B9E2A584E4E002EB24B /* PBXTargetDependency */ = {
			isa = PBXTargetDependency;
			target = 97AD13B32A2E7392002FCE30 /* ChefTime */;
			targetProxy = 97833B9D2A584E4E002EB24B /* PBXContainerItemProxy */;
		};
/* End PBXTargetDependency section */

/* Begin XCBuildConfiguration section */
		97833BA02A584E4E002EB24B /* Debug */ = {
			isa = XCBuildConfiguration;
			buildSettings = {
				BUNDLE_LOADER = "$(TEST_HOST)";
				CLANG_ENABLE_MODULES = YES;
				CODE_SIGN_STYLE = Automatic;
				CURRENT_PROJECT_VERSION = 1;
				DEVELOPMENT_TEAM = ME637H7ZM9;
				GENERATE_INFOPLIST_FILE = YES;
				IPHONEOS_DEPLOYMENT_TARGET = 17.0;
				MARKETING_VERSION = 1.0;
				PRODUCT_BUNDLE_IDENTIFIER = com.dedaInc.ChefTimeTests;
				PRODUCT_NAME = "$(TARGET_NAME)";
				SWIFT_EMIT_LOC_STRINGS = NO;
				SWIFT_OPTIMIZATION_LEVEL = "-Onone";
				SWIFT_VERSION = 5.0;
				TARGETED_DEVICE_FAMILY = "1,2";
				TEST_HOST = "$(BUILT_PRODUCTS_DIR)/ChefTime.app/$(BUNDLE_EXECUTABLE_FOLDER_PATH)/ChefTime";
			};
			name = Debug;
		};
		97833BA12A584E4E002EB24B /* Release */ = {
			isa = XCBuildConfiguration;
			buildSettings = {
				BUNDLE_LOADER = "$(TEST_HOST)";
				CLANG_ENABLE_MODULES = YES;
				CODE_SIGN_STYLE = Automatic;
				CURRENT_PROJECT_VERSION = 1;
				DEVELOPMENT_TEAM = ME637H7ZM9;
				GENERATE_INFOPLIST_FILE = YES;
				IPHONEOS_DEPLOYMENT_TARGET = 17.0;
				MARKETING_VERSION = 1.0;
				PRODUCT_BUNDLE_IDENTIFIER = com.dedaInc.ChefTimeTests;
				PRODUCT_NAME = "$(TARGET_NAME)";
				SWIFT_EMIT_LOC_STRINGS = NO;
				SWIFT_VERSION = 5.0;
				TARGETED_DEVICE_FAMILY = "1,2";
				TEST_HOST = "$(BUILT_PRODUCTS_DIR)/ChefTime.app/$(BUNDLE_EXECUTABLE_FOLDER_PATH)/ChefTime";
			};
			name = Release;
		};
		97AD13C02A2E7394002FCE30 /* Debug */ = {
			isa = XCBuildConfiguration;
			buildSettings = {
				ALWAYS_SEARCH_USER_PATHS = NO;
				CLANG_ANALYZER_NONNULL = YES;
				CLANG_ANALYZER_NUMBER_OBJECT_CONVERSION = YES_AGGRESSIVE;
				CLANG_CXX_LANGUAGE_STANDARD = "gnu++20";
				CLANG_ENABLE_MODULES = YES;
				CLANG_ENABLE_OBJC_ARC = YES;
				CLANG_ENABLE_OBJC_WEAK = YES;
				CLANG_WARN_BLOCK_CAPTURE_AUTORELEASING = YES;
				CLANG_WARN_BOOL_CONVERSION = YES;
				CLANG_WARN_COMMA = YES;
				CLANG_WARN_CONSTANT_CONVERSION = YES;
				CLANG_WARN_DEPRECATED_OBJC_IMPLEMENTATIONS = YES;
				CLANG_WARN_DIRECT_OBJC_ISA_USAGE = YES_ERROR;
				CLANG_WARN_DOCUMENTATION_COMMENTS = YES;
				CLANG_WARN_EMPTY_BODY = YES;
				CLANG_WARN_ENUM_CONVERSION = YES;
				CLANG_WARN_INFINITE_RECURSION = YES;
				CLANG_WARN_INT_CONVERSION = YES;
				CLANG_WARN_NON_LITERAL_NULL_CONVERSION = YES;
				CLANG_WARN_OBJC_IMPLICIT_RETAIN_SELF = YES;
				CLANG_WARN_OBJC_LITERAL_CONVERSION = YES;
				CLANG_WARN_OBJC_ROOT_CLASS = YES_ERROR;
				CLANG_WARN_QUOTED_INCLUDE_IN_FRAMEWORK_HEADER = YES;
				CLANG_WARN_RANGE_LOOP_ANALYSIS = YES;
				CLANG_WARN_STRICT_PROTOTYPES = YES;
				CLANG_WARN_SUSPICIOUS_MOVE = YES;
				CLANG_WARN_UNGUARDED_AVAILABILITY = YES_AGGRESSIVE;
				CLANG_WARN_UNREACHABLE_CODE = YES;
				CLANG_WARN__DUPLICATE_METHOD_MATCH = YES;
				COPY_PHASE_STRIP = NO;
				DEBUG_INFORMATION_FORMAT = dwarf;
				ENABLE_STRICT_OBJC_MSGSEND = YES;
				ENABLE_TESTABILITY = YES;
				GCC_C_LANGUAGE_STANDARD = gnu11;
				GCC_DYNAMIC_NO_PIC = NO;
				GCC_NO_COMMON_BLOCKS = YES;
				GCC_OPTIMIZATION_LEVEL = 0;
				GCC_PREPROCESSOR_DEFINITIONS = (
					"DEBUG=1",
					"$(inherited)",
				);
				GCC_WARN_64_TO_32_BIT_CONVERSION = YES;
				GCC_WARN_ABOUT_RETURN_TYPE = YES_ERROR;
				GCC_WARN_UNDECLARED_SELECTOR = YES;
				GCC_WARN_UNINITIALIZED_AUTOS = YES_AGGRESSIVE;
				GCC_WARN_UNUSED_FUNCTION = YES;
				GCC_WARN_UNUSED_VARIABLE = YES;
				IPHONEOS_DEPLOYMENT_TARGET = 16.4;
				MTL_ENABLE_DEBUG_INFO = INCLUDE_SOURCE;
				MTL_FAST_MATH = YES;
				ONLY_ACTIVE_ARCH = YES;
				SDKROOT = iphoneos;
				SWIFT_ACTIVE_COMPILATION_CONDITIONS = DEBUG;
				SWIFT_OPTIMIZATION_LEVEL = "-Onone";
			};
			name = Debug;
		};
		97AD13C12A2E7394002FCE30 /* Release */ = {
			isa = XCBuildConfiguration;
			buildSettings = {
				ALWAYS_SEARCH_USER_PATHS = NO;
				CLANG_ANALYZER_NONNULL = YES;
				CLANG_ANALYZER_NUMBER_OBJECT_CONVERSION = YES_AGGRESSIVE;
				CLANG_CXX_LANGUAGE_STANDARD = "gnu++20";
				CLANG_ENABLE_MODULES = YES;
				CLANG_ENABLE_OBJC_ARC = YES;
				CLANG_ENABLE_OBJC_WEAK = YES;
				CLANG_WARN_BLOCK_CAPTURE_AUTORELEASING = YES;
				CLANG_WARN_BOOL_CONVERSION = YES;
				CLANG_WARN_COMMA = YES;
				CLANG_WARN_CONSTANT_CONVERSION = YES;
				CLANG_WARN_DEPRECATED_OBJC_IMPLEMENTATIONS = YES;
				CLANG_WARN_DIRECT_OBJC_ISA_USAGE = YES_ERROR;
				CLANG_WARN_DOCUMENTATION_COMMENTS = YES;
				CLANG_WARN_EMPTY_BODY = YES;
				CLANG_WARN_ENUM_CONVERSION = YES;
				CLANG_WARN_INFINITE_RECURSION = YES;
				CLANG_WARN_INT_CONVERSION = YES;
				CLANG_WARN_NON_LITERAL_NULL_CONVERSION = YES;
				CLANG_WARN_OBJC_IMPLICIT_RETAIN_SELF = YES;
				CLANG_WARN_OBJC_LITERAL_CONVERSION = YES;
				CLANG_WARN_OBJC_ROOT_CLASS = YES_ERROR;
				CLANG_WARN_QUOTED_INCLUDE_IN_FRAMEWORK_HEADER = YES;
				CLANG_WARN_RANGE_LOOP_ANALYSIS = YES;
				CLANG_WARN_STRICT_PROTOTYPES = YES;
				CLANG_WARN_SUSPICIOUS_MOVE = YES;
				CLANG_WARN_UNGUARDED_AVAILABILITY = YES_AGGRESSIVE;
				CLANG_WARN_UNREACHABLE_CODE = YES;
				CLANG_WARN__DUPLICATE_METHOD_MATCH = YES;
				COPY_PHASE_STRIP = NO;
				DEBUG_INFORMATION_FORMAT = "dwarf-with-dsym";
				ENABLE_NS_ASSERTIONS = NO;
				ENABLE_STRICT_OBJC_MSGSEND = YES;
				GCC_C_LANGUAGE_STANDARD = gnu11;
				GCC_NO_COMMON_BLOCKS = YES;
				GCC_WARN_64_TO_32_BIT_CONVERSION = YES;
				GCC_WARN_ABOUT_RETURN_TYPE = YES_ERROR;
				GCC_WARN_UNDECLARED_SELECTOR = YES;
				GCC_WARN_UNINITIALIZED_AUTOS = YES_AGGRESSIVE;
				GCC_WARN_UNUSED_FUNCTION = YES;
				GCC_WARN_UNUSED_VARIABLE = YES;
				IPHONEOS_DEPLOYMENT_TARGET = 16.4;
				MTL_ENABLE_DEBUG_INFO = NO;
				MTL_FAST_MATH = YES;
				SDKROOT = iphoneos;
				SWIFT_COMPILATION_MODE = wholemodule;
				SWIFT_OPTIMIZATION_LEVEL = "-O";
				VALIDATE_PRODUCT = YES;
			};
			name = Release;
		};
		97AD13C32A2E7394002FCE30 /* Debug */ = {
			isa = XCBuildConfiguration;
			buildSettings = {
				ASSETCATALOG_COMPILER_APPICON_NAME = AppIcon;
				ASSETCATALOG_COMPILER_GLOBAL_ACCENT_COLOR_NAME = AccentColor;
				CODE_SIGN_STYLE = Automatic;
				CURRENT_PROJECT_VERSION = 1;
				DEVELOPMENT_ASSET_PATHS = "\"ChefTime/Resources/Preview Content\"";
				DEVELOPMENT_TEAM = ME637H7ZM9;
				ENABLE_PREVIEWS = YES;
				GENERATE_INFOPLIST_FILE = YES;
				INFOPLIST_FILE = ChefTime/Resources/Info.plist;
				INFOPLIST_KEY_NSPhotoLibraryUsageDescription = "Enable access to upload photos";
				INFOPLIST_KEY_UIApplicationSceneManifest_Generation = YES;
				INFOPLIST_KEY_UIApplicationSupportsIndirectInputEvents = YES;
				INFOPLIST_KEY_UILaunchScreen_Generation = YES;
				INFOPLIST_KEY_UISupportedInterfaceOrientations_iPad = "UIInterfaceOrientationPortrait UIInterfaceOrientationPortraitUpsideDown UIInterfaceOrientationLandscapeLeft UIInterfaceOrientationLandscapeRight";
				INFOPLIST_KEY_UISupportedInterfaceOrientations_iPhone = "UIInterfaceOrientationPortrait UIInterfaceOrientationLandscapeLeft UIInterfaceOrientationLandscapeRight";
				IPHONEOS_DEPLOYMENT_TARGET = 17.0;
				LD_RUNPATH_SEARCH_PATHS = (
					"$(inherited)",
					"@executable_path/Frameworks",
				);
				MARKETING_VERSION = 1.0;
				PRODUCT_BUNDLE_IDENTIFIER = com.dedaInc.ChefTime;
				PRODUCT_NAME = "$(TARGET_NAME)";
				SWIFT_EMIT_LOC_STRINGS = YES;
				SWIFT_VERSION = 5.0;
				TARGETED_DEVICE_FAMILY = "1,2";
			};
			name = Debug;
		};
		97AD13C42A2E7394002FCE30 /* Release */ = {
			isa = XCBuildConfiguration;
			buildSettings = {
				ASSETCATALOG_COMPILER_APPICON_NAME = AppIcon;
				ASSETCATALOG_COMPILER_GLOBAL_ACCENT_COLOR_NAME = AccentColor;
				CODE_SIGN_STYLE = Automatic;
				CURRENT_PROJECT_VERSION = 1;
				DEVELOPMENT_ASSET_PATHS = "\"ChefTime/Resources/Preview Content\"";
				DEVELOPMENT_TEAM = ME637H7ZM9;
				ENABLE_PREVIEWS = YES;
				GENERATE_INFOPLIST_FILE = YES;
				INFOPLIST_FILE = ChefTime/Resources/Info.plist;
				INFOPLIST_KEY_NSPhotoLibraryUsageDescription = "Enable access to upload photos";
				INFOPLIST_KEY_UIApplicationSceneManifest_Generation = YES;
				INFOPLIST_KEY_UIApplicationSupportsIndirectInputEvents = YES;
				INFOPLIST_KEY_UILaunchScreen_Generation = YES;
				INFOPLIST_KEY_UISupportedInterfaceOrientations_iPad = "UIInterfaceOrientationPortrait UIInterfaceOrientationPortraitUpsideDown UIInterfaceOrientationLandscapeLeft UIInterfaceOrientationLandscapeRight";
				INFOPLIST_KEY_UISupportedInterfaceOrientations_iPhone = "UIInterfaceOrientationPortrait UIInterfaceOrientationLandscapeLeft UIInterfaceOrientationLandscapeRight";
				IPHONEOS_DEPLOYMENT_TARGET = 17.0;
				LD_RUNPATH_SEARCH_PATHS = (
					"$(inherited)",
					"@executable_path/Frameworks",
				);
				MARKETING_VERSION = 1.0;
				PRODUCT_BUNDLE_IDENTIFIER = com.dedaInc.ChefTime;
				PRODUCT_NAME = "$(TARGET_NAME)";
				SWIFT_EMIT_LOC_STRINGS = YES;
				SWIFT_VERSION = 5.0;
				TARGETED_DEVICE_FAMILY = "1,2";
			};
			name = Release;
		};
/* End XCBuildConfiguration section */

/* Begin XCConfigurationList section */
		97833B9F2A584E4E002EB24B /* Build configuration list for PBXNativeTarget "ChefTimeTests" */ = {
			isa = XCConfigurationList;
			buildConfigurations = (
				97833BA02A584E4E002EB24B /* Debug */,
				97833BA12A584E4E002EB24B /* Release */,
			);
			defaultConfigurationIsVisible = 0;
			defaultConfigurationName = Release;
		};
		97AD13AF2A2E7392002FCE30 /* Build configuration list for PBXProject "ChefTime" */ = {
			isa = XCConfigurationList;
			buildConfigurations = (
				97AD13C02A2E7394002FCE30 /* Debug */,
				97AD13C12A2E7394002FCE30 /* Release */,
			);
			defaultConfigurationIsVisible = 0;
			defaultConfigurationName = Release;
		};
		97AD13C22A2E7394002FCE30 /* Build configuration list for PBXNativeTarget "ChefTime" */ = {
			isa = XCConfigurationList;
			buildConfigurations = (
				97AD13C32A2E7394002FCE30 /* Debug */,
				97AD13C42A2E7394002FCE30 /* Release */,
			);
			defaultConfigurationIsVisible = 0;
			defaultConfigurationName = Release;
		};
/* End XCConfigurationList section */

/* Begin XCRemoteSwiftPackageReference section */
		975CB55A2A8E9C980049BA07 /* XCRemoteSwiftPackageReference "swift-composable-architecture" */ = {
			isa = XCRemoteSwiftPackageReference;
			repositoryURL = "https://github.com/pointfreeco/swift-composable-architecture.git";
			requirement = {
				kind = upToNextMajorVersion;
				minimumVersion = 1.0.0;
			};
		};
		97AD13CA2A2E7447002FCE30 /* XCRemoteSwiftPackageReference "swift-tagged" */ = {
			isa = XCRemoteSwiftPackageReference;
			repositoryURL = "https://github.com/pointfreeco/swift-tagged.git";
			requirement = {
				kind = upToNextMajorVersion;
				minimumVersion = 0.10.0;
			};
		};
/* End XCRemoteSwiftPackageReference section */

/* Begin XCSwiftPackageProductDependency section */
		975CB55B2A8E9C980049BA07 /* ComposableArchitecture */ = {
			isa = XCSwiftPackageProductDependency;
			package = 975CB55A2A8E9C980049BA07 /* XCRemoteSwiftPackageReference "swift-composable-architecture" */;
			productName = ComposableArchitecture;
		};
		97AD13CB2A2E7447002FCE30 /* Tagged */ = {
			isa = XCSwiftPackageProductDependency;
			package = 97AD13CA2A2E7447002FCE30 /* XCRemoteSwiftPackageReference "swift-tagged" */;
			productName = Tagged;
		};
/* End XCSwiftPackageProductDependency section */
	};
	rootObject = 97AD13AC2A2E7392002FCE30 /* Project object */;
}
